<?xml version="1.0" encoding="utf-8"?>
<Project ToolsVersion="4.0" xmlns="http://schemas.microsoft.com/developer/msbuild/2003">
  <ItemGroup>
    <Filter Include="Source Files">
      <UniqueIdentifier>{5B43775E-AF75-11E2-8031-0019213B7B87}</UniqueIdentifier>
      <Extensions>cpp;c;cxx;def;odl;idl;hpj;bat;asm;asmx</Extensions>
    </Filter>
    <Filter Include="Header Files">
      <UniqueIdentifier>{5B43775F-AF75-11E2-9233-0019213B7B87}</UniqueIdentifier>
      <Extensions>h;hpp;hxx;hm;inl;inc;xsd</Extensions>
    </Filter>
    <Filter Include="Server">
      <UniqueIdentifier>{5B437760-AF75-11E2-96D7-0019213B7B87}</UniqueIdentifier>
    </Filter>
    <Filter Include="Master">
      <UniqueIdentifier>{5B437761-AF75-11E2-BC7F-0019213B7B87}</UniqueIdentifier>
    </Filter>
  </ItemGroup>
  <ItemGroup>
    <ClCompile Include="..\Life\LifeServer\MasterServerConnection.cpp">
      <Filter>Master</Filter>
    </ClCompile>
    <ClCompile Include="..\Life\LifeMaster\MasterServerNetworkParser.cpp">
      <Filter>Master</Filter>
    </ClCompile>
    <ClCompile Include="View.cpp">
      <Filter>Source Files</Filter>
    </ClCompile>
    <ClCompile Include="HoverTank.cxx">
      <Filter>Source Files</Filter>
    </ClCompile>
    <ClCompile Include="HoverTankConsoleManager.cpp">
      <Filter>Source Files</Filter>
    </ClCompile>
    <ClCompile Include="HoverTankManager.cpp">
      <Filter>Source Files</Filter>
    </ClCompile>
    <ClCompile Include="HoverTankTicker.cpp">
      <Filter>Source Files</Filter>
    </ClCompile>
    <ClCompile Include="HoverTankViewer.cpp">
      <Filter>Source Files</Filter>
    </ClCompile>
    <ClCompile Include="LoginView.cpp">
      <Filter>Source Files</Filter>
    </ClCompile>
    <ClCompile Include="RoadSignButton.cpp">
      <Filter>Source Files</Filter>
    </ClCompile>
    <ClCompile Include="ServerListView.cpp">
      <Filter>Source Files</Filter>
    </ClCompile>
    <ClCompile Include="Sunlight.cpp">
      <Filter>Source Files</Filter>
    </ClCompile>
    <ClCompile Include="HoverTankServer\BombPlane.cpp">
      <Filter>Server</Filter>
    </ClCompile>
    <ClCompile Include="HoverTankServer\GameServerLogic.cpp">
      <Filter>Server</Filter>
    </ClCompile>
    <ClCompile Include="HoverTankServer\HoverTankServerConsole.cpp">
      <Filter>Server</Filter>
    </ClCompile>
    <ClCompile Include="HoverTankServer\HoverTankServerDelegate.cpp">
      <Filter>Server</Filter>
    </ClCompile>
    <ClCompile Include="HoverTankServer\HoverTankServerMessageProcessor.cpp">
      <Filter>Server</Filter>
    </ClCompile>
    <ClCompile Include="HoverTankServer\HoverTankServerTicker.cpp">
      <Filter>Server</Filter>
    </ClCompile>
    <ClCompile Include="HoverTankServer\Npc.cpp">
      <Filter>Server</Filter>
    </ClCompile>
  </ItemGroup>
  <ItemGroup>
    <ClInclude Include="..\Life\LifeMaster\MasterServer.h">
      <Filter>Master</Filter>
    </ClInclude>
    <ClInclude Include="..\Life\LifeServer\MasterServerConnection.h">
      <Filter>Master</Filter>
    </ClInclude>
    <ClInclude Include="..\Life\LifeMaster\MasterServerNetworkParser.h">
      <Filter>Master</Filter>
    </ClInclude>
    <ClInclude Include="HoverTankMaster\MasterServerPort.h">
      <Filter>Master</Filter>
    </ClInclude>
    <ClInclude Include="View.h">
      <Filter>Header Files</Filter>
    </ClInclude>
    <ClInclude Include="HoverTank.h">
      <Filter>Header Files</Filter>
    </ClInclude>
    <ClInclude Include="HoverTankConsoleManager.h">
      <Filter>Header Files</Filter>
    </ClInclude>
    <ClInclude Include="HoverTankManager.h">
      <Filter>Header Files</Filter>
    </ClInclude>
    <ClInclude Include="HoverTankTicker.h">
      <Filter>Header Files</Filter>
    </ClInclude>
    <ClInclude Include="HoverTankViewer.h">
      <Filter>Header Files</Filter>
    </ClInclude>
    <ClInclude Include="LoginView.h">
      <Filter>Header Files</Filter>
    </ClInclude>
    <ClInclude Include="RoadSignButton.h">
      <Filter>Header Files</Filter>
    </ClInclude>
    <ClInclude Include="RtVar.h">
      <Filter>Header Files</Filter>
    </ClInclude>
    <ClInclude Include="ServerListView.h">
      <Filter>Header Files</Filter>
    </ClInclude>
    <ClInclude Include="Sunlight.h">
      <Filter>Header Files</Filter>
    </ClInclude>
    <ClInclude Include="Version.h">
      <Filter>Header Files</Filter>
    </ClInclude>
    <ClInclude Include="HoverTankServer\BombPlane.h">
      <Filter>Server</Filter>
    </ClInclude>
    <ClInclude Include="HoverTankServer\GameServerLogic.h">
      <Filter>Server</Filter>
    </ClInclude>
    <ClInclude Include="HoverTankServer\HoverTankServerConsole.h">
      <Filter>Server</Filter>
    </ClInclude>
    <ClInclude Include="HoverTankServer\HoverTankServerDelegate.h">
      <Filter>Server</Filter>
    </ClInclude>
    <ClInclude Include="HoverTankServer\HoverTankServerMessageProcessor.h">
      <Filter>Server</Filter>
    </ClInclude>
    <ClInclude Include="HoverTankServer\HoverTankServerTicker.h">
      <Filter>Server</Filter>
    </ClInclude>
    <ClInclude Include="HoverTankServer\Npc.h">
      <Filter>Server</Filter>
    </ClInclude>
  </ItemGroup>
  <ItemGroup>
    <None Include="HoverTank.mm">
      <Filter>Source Files</Filter>
    </None>
  </ItemGroup>
</Project>