<?xml version="1.0" encoding="utf-8"?>
<Project ToolsVersion="4.0" xmlns="http://schemas.microsoft.com/developer/msbuild/2003">
  <ItemGroup>
    <Filter include="src Files">
      <UniqueIdentifier>{5B43775E-AF75-11E2-8031-0019213B7B87}</UniqueIdentifier>
      <Extensions>cpp;c;cxx;def;odl;idl;hpj;bat;asm;asmx</Extensions>
    </Filter>
    <Filter include="Header Files">
      <UniqueIdentifier>{5B43775F-AF75-11E2-9233-0019213B7B87}</UniqueIdentifier>
      <Extensions>h;hpp;hxx;hm;inl;inc;xsd</Extensions>
    </Filter>
    <Filter include="Server">
      <UniqueIdentifier>{5B437760-AF75-11E2-96D7-0019213B7B87}</UniqueIdentifier>
    </Filter>
    <Filter include="Master">
      <UniqueIdentifier>{5B437761-AF75-11E2-BC7F-0019213B7B87}</UniqueIdentifier>
    </Filter>
  </ItemGroup>
  <ItemGroup>
    <ClCompile include="..\life\lifeserver\masterserverconnection.cpp">
      <Filter>Master</Filter>
    </ClCompile>
    <ClCompile include="..\life\lifemaster\masterservernetworkparser.cpp">
      <Filter>Master</Filter>
    </ClCompile>
    <ClCompile include="view.cpp">
      <Filter>src Files</Filter>
    </ClCompile>
    <ClCompile include="hovertank.cxx">
      <Filter>src Files</Filter>
    </ClCompile>
    <ClCompile include="hovertankconsolemanager.cpp">
      <Filter>src Files</Filter>
    </ClCompile>
    <ClCompile include="hovertankmanager.cpp">
      <Filter>src Files</Filter>
    </ClCompile>
    <ClCompile include="hovertankticker.cpp">
      <Filter>src Files</Filter>
    </ClCompile>
    <ClCompile include="hovertankviewer.cpp">
      <Filter>src Files</Filter>
    </ClCompile>
    <ClCompile include="loginview.cpp">
      <Filter>src Files</Filter>
    </ClCompile>
    <ClCompile include="roadsignbutton.cpp">
      <Filter>src Files</Filter>
    </ClCompile>
    <ClCompile include="serverlistview.cpp">
      <Filter>src Files</Filter>
    </ClCompile>
    <ClCompile include="sunlight.cpp">
      <Filter>src Files</Filter>
    </ClCompile>
    <ClCompile include="hovertankserver\bombplane.cpp">
      <Filter>Server</Filter>
    </ClCompile>
    <ClCompile include="hovertankserver\gameserverlogic.cpp">
      <Filter>Server</Filter>
    </ClCompile>
    <ClCompile include="hovertankserver\hovertankserverconsole.cpp">
      <Filter>Server</Filter>
    </ClCompile>
    <ClCompile include="hovertankserver\hovertankserverdelegate.cpp">
      <Filter>Server</Filter>
    </ClCompile>
    <ClCompile include="hovertankserver\hovertankservermessageprocessor.cpp">
      <Filter>Server</Filter>
    </ClCompile>
    <ClCompile include="hovertankserver\hovertankserverticker.cpp">
      <Filter>Server</Filter>
    </ClCompile>
    <ClCompile include="hovertankserver\npc.cpp">
      <Filter>Server</Filter>
    </ClCompile>
    <ClCompile include="hovertank.mm">
      <Filter>src Files</Filter>
    </ClCompile>
  </ItemGroup>
  <ItemGroup>
    <Clinclude include="..\life\lifemaster\masterserver.h">
      <Filter>Master</Filter>
    </ClInclude>
    <Clinclude include="..\life\lifeserver\masterserverconnection.h">
      <Filter>Master</Filter>
    </ClInclude>
    <Clinclude include="..\life\lifemaster\masterservernetworkparser.h">
      <Filter>Master</Filter>
    </ClInclude>
    <Clinclude include="hovertankmaster\masterserverport.h">
      <Filter>Master</Filter>
    </ClInclude>
    <Clinclude include="view.h">
      <Filter>Header Files</Filter>
    </ClInclude>
    <Clinclude include="hovertank.h">
      <Filter>Header Files</Filter>
    </ClInclude>
    <Clinclude include="hovertankconsolemanager.h">
      <Filter>Header Files</Filter>
    </ClInclude>
    <Clinclude include="hovertankmanager.h">
      <Filter>Header Files</Filter>
    </ClInclude>
    <Clinclude include="hovertankticker.h">
      <Filter>Header Files</Filter>
    </ClInclude>
    <Clinclude include="hovertankviewer.h">
      <Filter>Header Files</Filter>
    </ClInclude>
    <Clinclude include="loginview.h">
      <Filter>Header Files</Filter>
    </ClInclude>
    <Clinclude include="roadsignbutton.h">
      <Filter>Header Files</Filter>
    </ClInclude>
    <Clinclude include="rtvar.h">
      <Filter>Header Files</Filter>
    </ClInclude>
    <Clinclude include="serverlistview.h">
      <Filter>Header Files</Filter>
    </ClInclude>
    <Clinclude include="sunlight.h">
      <Filter>Header Files</Filter>
    </ClInclude>
    <Clinclude include="version.h">
      <Filter>Header Files</Filter>
    </ClInclude>
    <Clinclude include="hovertankserver\bombplane.h">
      <Filter>Server</Filter>
    </ClInclude>
    <Clinclude include="hovertankserver\gameserverlogic.h">
      <Filter>Server</Filter>
    </ClInclude>
    <Clinclude include="hovertankserver\hovertankserverconsole.h">
      <Filter>Server</Filter>
    </ClInclude>
    <Clinclude include="hovertankserver\hovertankserverdelegate.h">
      <Filter>Server</Filter>
    </ClInclude>
    <Clinclude include="hovertankserver\hovertankservermessageprocessor.h">
      <Filter>Server</Filter>
    </ClInclude>
    <Clinclude include="hovertankserver\hovertankserverticker.h">
      <Filter>Server</Filter>
    </ClInclude>
    <Clinclude include="hovertankserver\npc.h">
      <Filter>Server</Filter>
    </ClInclude>
  </ItemGroup>
</Project>