<?xml version="1.0" encoding="utf-8"?>
<Project ToolsVersion="4.0" xmlns="http://schemas.microsoft.com/developer/msbuild/2003">
  <ItemGroup>
    <Filter include="src Files">
      <UniqueIdentifier>{4FC737F1-C7A5-4376-A066-2A32D752A2FF}</UniqueIdentifier>
      <Extensions>cpp;c;cxx;def;odl;idl;hpj;bat;asm;asmx</Extensions>
    </Filter>
    <Filter include="Header Files">
      <UniqueIdentifier>{93995380-89BD-4b04-88EB-625FBE52EBFB}</UniqueIdentifier>
      <Extensions>h;hpp;hxx;hm;inl;inc;xsd</Extensions>
    </Filter>
  </ItemGroup>
  <ItemGroup>
    <ClCompile include="consolemanager.cpp">
      <Filter>src Files</Filter>
    </ClCompile>
    <ClCompile include="life.cpp">
      <Filter>src Files</Filter>
    </ClCompile>
    <ClCompile include="lifeapplication.cpp">
      <Filter>src Files</Filter>
    </ClCompile>
    <ClCompile include="racescore.cpp">
      <Filter>src Files</Filter>
    </ClCompile>
    <ClCompile include="projectileutil.cpp">
      <Filter>src Files</Filter>
    </ClCompile>
    <ClCompile include="explosion.cpp">
      <Filter>src Files</Filter>
    </ClCompile>
    <ClCompile include="spawner.cpp">
      <Filter>src Files</Filter>
    </ClCompile>
    <ClCompile include="stunttrigger.cpp">
      <Filter>src Files</Filter>
    </ClCompile>
    <ClCompile include="systemutil.cxx">
      <Filter>src Files</Filter>
    </ClCompile>
  </ItemGroup>
  <ItemGroup>
    <Clinclude include="consolemanager.h">
      <Filter>Header Files</Filter>
    </ClInclude>
    <Clinclude include="life.h">
      <Filter>Header Files</Filter>
    </ClInclude>
    <Clinclude include="lifeapplication.h">
      <Filter>Header Files</Filter>
    </ClInclude>
    <Clinclude include="lifestring.h">
      <Filter>Header Files</Filter>
    </ClInclude>
    <Clinclude include="racescore.h">
      <Filter>Header Files</Filter>
    </ClInclude>
    <Clinclude include="rtvar.h">
      <Filter>Header Files</Filter>
    </ClInclude>
    <Clinclude include="serverinfo.h">
      <Filter>Header Files</Filter>
    </ClInclude>
    <Clinclude include="projectileutil.h">
      <Filter>Header Files</Filter>
    </ClInclude>
    <Clinclude include="explosion.h">
      <Filter>Header Files</Filter>
    </ClInclude>
    <Clinclude include="launcher.h">
      <Filter>Header Files</Filter>
    </ClInclude>
    <Clinclude include="spawner.h">
      <Filter>Header Files</Filter>
    </ClInclude>
    <Clinclude include="stunttrigger.h">
      <Filter>Header Files</Filter>
    </ClInclude>
    <Clinclude include="systemutil.h">
      <Filter>Header Files</Filter>
    </ClInclude>
  </ItemGroup>
  <ItemGroup>
    <None include="Life.sln" />
    <None include="Life.vcproj" />
    <None include="systemutil.mm">
      <Filter>src Files</Filter>
    </None>
  </ItemGroup>
</Project>