<?xml version="1.0" encoding="utf-8"?>
<Project ToolsVersion="4.0" xmlns="http://schemas.microsoft.com/developer/msbuild/2003">
  <ItemGroup>
    <Filter include="Header Files">
      <UniqueIdentifier>{93995380-89BD-4b04-88EB-625FBE52EBFB}</UniqueIdentifier>
      <Extensions>h;hpp;hxx;hm;inl;inc;xsd</Extensions>
    </Filter>
    <Filter include="Header Files\win32">
      <UniqueIdentifier>{a7e5f72c-d075-4490-bec4-598a0e3114ef}</UniqueIdentifier>
    </Filter>
    <Filter include="Header Files\posix">
      <UniqueIdentifier>{ff56f430-5f41-48d4-89fa-9d13ce3cd13a}</UniqueIdentifier>
    </Filter>
    <Filter include="src Files">
      <UniqueIdentifier>{4FC737F1-C7A5-4376-A066-2A32D752A2FF}</UniqueIdentifier>
      <Extensions>cpp;c;cxx;def;odl;idl;hpj;bat;asm;asmx</Extensions>
    </Filter>
    <Filter include="src Files\win32">
      <UniqueIdentifier>{32513fa1-8894-4c43-a6b5-88e94f6db58a}</UniqueIdentifier>
    </Filter>
    <Filter include="src Files\posix">
      <UniqueIdentifier>{f733a9b7-9e01-4638-8bab-9edf2583f94a}</UniqueIdentifier>
    </Filter>
  </ItemGroup>
  <ItemGroup>
    <Clinclude include="include\aabb.h">
      <Filter>Header Files</Filter>
    </ClInclude>
    <Clinclude include="include\aabr.h">
      <Filter>Header Files</Filter>
    </ClInclude>
    <Clinclude include="include\alarm.h">
      <Filter>Header Files</Filter>
    </ClInclude>
    <Clinclude include="include\anticrack.h">
      <Filter>Header Files</Filter>
    </ClInclude>
    <Clinclude include="include\application.h">
      <Filter>Header Files</Filter>
    </ClInclude>
    <Clinclude include="include\archivefile.h">
      <Filter>Header Files</Filter>
    </ClInclude>
    <Clinclude include="include\bintree.h">
      <Filter>Header Files</Filter>
    </ClInclude>
    <Clinclude include="include\bmploader.h">
      <Filter>Header Files</Filter>
    </ClInclude>
    <Clinclude include="include\bufferstream.h">
      <Filter>Header Files</Filter>
    </ClInclude>
    <Clinclude include="include\buslock.h">
      <Filter>Header Files</Filter>
    </ClInclude>
    <Clinclude include="include\canvas.h">
      <Filter>Header Files</Filter>
    </ClInclude>
    <Clinclude include="include\checksum.h">
      <Filter>Header Files</Filter>
    </ClInclude>
    <Clinclude include="include\circle.h">
      <Filter>Header Files</Filter>
    </ClInclude>
    <Clinclude include="include\collisiondetector2d.h">
      <Filter>Header Files</Filter>
    </ClInclude>
    <Clinclude include="include\collisiondetector3d.h">
      <Filter>Header Files</Filter>
    </ClInclude>
    <Clinclude include="include\consolecommandmanager.h">
      <Filter>Header Files</Filter>
    </ClInclude>
    <Clinclude include="include\cubicdecasteljauspline.h">
      <Filter>Header Files</Filter>
    </ClInclude>
    <Clinclude include="include\cubicspline.h">
      <Filter>Header Files</Filter>
    </ClInclude>
    <Clinclude include="include\cyclicarray.h">
      <Filter>Header Files</Filter>
    </ClInclude>
    <Clinclude include="include\cylinder.h">
      <Filter>Header Files</Filter>
    </ClInclude>
    <Clinclude include="include\des.h">
      <Filter>Header Files</Filter>
    </ClInclude>
    <Clinclude include="include\diskfile.h">
      <Filter>Header Files</Filter>
    </ClInclude>
    <Clinclude include="include\endian.h">
      <Filter>Header Files</Filter>
    </ClInclude>
    <Clinclude include="include\fastallocator.h">
      <Filter>Header Files</Filter>
    </ClInclude>
    <Clinclude include="include\fdset.h">
      <Filter>Header Files</Filter>
    </ClInclude>
    <Clinclude include="include\file.h">
      <Filter>Header Files</Filter>
    </ClInclude>
    <Clinclude include="include\filearchive.h">
      <Filter>Header Files</Filter>
    </ClInclude>
    <Clinclude include="include\fileopener.h">
      <Filter>Header Files</Filter>
    </ClInclude>
    <Clinclude include="include\gammalookup.h">
      <Filter>Header Files</Filter>
    </ClInclude>
    <Clinclude include="include\graphics2d.h">
      <Filter>Header Files</Filter>
    </ClInclude>
    <Clinclude include="include\hasher.h">
      <Filter>Header Files</Filter>
    </ClInclude>
    <Clinclude include="include\hashset.h">
      <Filter>Header Files</Filter>
    </ClInclude>
    <Clinclude include="include\hashtable.h">
      <Filter>Header Files</Filter>
    </ClInclude>
    <Clinclude include="include\hashutil.h">
      <Filter>Header Files</Filter>
    </ClInclude>
    <Clinclude include="include\hirestimer.h">
      <Filter>Header Files</Filter>
    </ClInclude>
    <Clinclude include="include\idmanager.h">
      <Filter>Header Files</Filter>
    </ClInclude>
    <Clinclude include="include\imageloader.h">
      <Filter>Header Files</Filter>
    </ClInclude>
    <Clinclude include="include\inputstream.h">
      <Filter>Header Files</Filter>
    </ClInclude>
    <Clinclude include="include\iobuffer.h">
      <Filter>Header Files</Filter>
    </ClInclude>
    <Clinclude include="include\ioerror.h">
      <Filter>Header Files</Filter>
    </ClInclude>
    <Clinclude include="include\ipaddress.h">
      <Filter>Header Files</Filter>
    </ClInclude>
    <Clinclude include="include\jpegloader.h">
      <Filter>Header Files</Filter>
    </ClInclude>
    <Clinclude include="include\lepra.h">
      <Filter>Header Files</Filter>
    </ClInclude>
    <Clinclude include="include\lepratarget.h">
      <Filter>Header Files</Filter>
    </ClInclude>
    <Clinclude include="include\lepratypes.h">
      <Filter>Header Files</Filter>
    </ClInclude>
    <Clinclude include="include\lepraundef.h">
      <Filter>Header Files</Filter>
    </ClInclude>
    <Clinclude include="include\listutil.h">
      <Filter>Header Files</Filter>
    </ClInclude>
    <Clinclude include="include\log.h">
      <Filter>Header Files</Filter>
    </ClInclude>
    <Clinclude include="include\loglistener.h">
      <Filter>Header Files</Filter>
    </ClInclude>
    <Clinclude include="include\logtype.h">
      <Filter>Header Files</Filter>
    </ClInclude>
    <Clinclude include="include\loosebintree.h">
      <Filter>Header Files</Filter>
    </ClInclude>
    <Clinclude include="include\looseoctree.h">
      <Filter>Header Files</Filter>
    </ClInclude>
    <Clinclude include="include\loosequadtree.h">
      <Filter>Header Files</Filter>
    </ClInclude>
    <Clinclude include="include\math.h">
      <Filter>Header Files</Filter>
    </ClInclude>
    <Clinclude include="include\memberthread.h">
      <Filter>Header Files</Filter>
    </ClInclude>
    <Clinclude include="include\memfile.h">
      <Filter>Header Files</Filter>
    </ClInclude>
    <Clinclude include="include\memoryleaktracker.h">
      <Filter>Header Files</Filter>
    </ClInclude>
    <Clinclude include="include\metafile.h">
      <Filter>Header Files</Filter>
    </ClInclude>
    <Clinclude include="include\network.h">
      <Filter>Header Files</Filter>
    </ClInclude>
    <Clinclude include="include\number.h">
      <Filter>Header Files</Filter>
    </ClInclude>
    <Clinclude include="include\obb.h">
      <Filter>Header Files</Filter>
    </ClInclude>
    <Clinclude include="include\obr.h">
      <Filter>Header Files</Filter>
    </ClInclude>
    <Clinclude include="include\orderedmap.h">
      <Filter>Header Files</Filter>
    </ClInclude>
    <Clinclude include="include\outputstream.h">
      <Filter>Header Files</Filter>
    </ClInclude>
    <Clinclude include="include\packer.h">
      <Filter>Header Files</Filter>
    </ClInclude>
    <Clinclude include="include\path.h">
      <Filter>Header Files</Filter>
    </ClInclude>
    <Clinclude include="include\performance.h">
      <Filter>Header Files</Filter>
    </ClInclude>
    <Clinclude include="include\pngloader.h">
      <Filter>Header Files</Filter>
    </ClInclude>
    <Clinclude include="include\progresscallback.h">
      <Filter>Header Files</Filter>
    </ClInclude>
    <Clinclude include="include\quaternion.h">
      <Filter>Header Files</Filter>
    </ClInclude>
    <Clinclude include="include\quicklist.h">
      <Filter>Header Files</Filter>
    </ClInclude>
    <Clinclude include="include\random.h">
      <Filter>Header Files</Filter>
    </ClInclude>
    <Clinclude include="include\reader.h">
      <Filter>Header Files</Filter>
    </ClInclude>
    <Clinclude include="include\rotationmatrix.h">
      <Filter>Header Files</Filter>
    </ClInclude>
    <Clinclude include="include\sha1.h">
      <Filter>Header Files</Filter>
    </ClInclude>
    <Clinclude include="include\skiplist.h">
      <Filter>Header Files</Filter>
    </ClInclude>
    <Clinclude include="include\smartpointer.h">
      <Filter>Header Files</Filter>
    </ClInclude>
    <Clinclude include="include\socket.h">
      <Filter>Header Files</Filter>
    </ClInclude>
    <Clinclude include="include\socketaddress.h">
      <Filter>Header Files</Filter>
    </ClInclude>
    <Clinclude include="include\socketstream.h">
      <Filter>Header Files</Filter>
    </ClInclude>
    <Clinclude include="include\sphere.h">
      <Filter>Header Files</Filter>
    </ClInclude>
    <Clinclude include="include\spinlock.h">
      <Filter>Header Files</Filter>
    </ClInclude>
    <Clinclude include="include\string.h">
      <Filter>Header Files</Filter>
    </ClInclude>
    <Clinclude include="include\stringutility.h">
      <Filter>Header Files</Filter>
    </ClInclude>
    <Clinclude include="include\subfile.h">
      <Filter>Header Files</Filter>
    </ClInclude>
    <Clinclude include="include\systemmanager.h">
      <Filter>Header Files</Filter>
    </ClInclude>
    <Clinclude include="include\tgaloader.h">
      <Filter>Header Files</Filter>
    </ClInclude>
    <Clinclude include="include\thread.h">
      <Filter>Header Files</Filter>
    </ClInclude>
    <Clinclude include="include\tiffloader.h">
      <Filter>Header Files</Filter>
    </ClInclude>
    <Clinclude include="include\time.h">
      <Filter>Header Files</Filter>
    </ClInclude>
    <Clinclude include="include\timer.h">
      <Filter>Header Files</Filter>
    </ClInclude>
    <Clinclude include="include\transformation.h">
      <Filter>Header Files</Filter>
    </ClInclude>
    <Clinclude include="include\vector2d.h">
      <Filter>Header Files</Filter>
    </ClInclude>
    <Clinclude include="include\vector3d.h">
      <Filter>Header Files</Filter>
    </ClInclude>
    <Clinclude include="include\writer.h">
      <Filter>Header Files</Filter>
    </ClInclude>
    <Clinclude include="include\ziparchive.h">
      <Filter>Header Files</Filter>
    </ClInclude>
    <Clinclude include="include\win32\win32target.h">
      <Filter>Header Files\win32</Filter>
    </ClInclude>
    <Clinclude include="include\win32\win32thread.h">
      <Filter>Header Files\win32</Filter>
    </ClInclude>
    <Clinclude include="include\obfuxator.h">
      <Filter>Header Files</Filter>
    </ClInclude>
    <Clinclude include="include\jsonstring.h">
      <Filter>Header Files</Filter>
    </ClInclude>
    <Clinclude include="include\resourcetracker.h">
      <Filter>Header Files</Filter>
    </ClInclude>
    <Clinclude include="include\gametimer.h">
      <Filter>Header Files</Filter>
    </ClInclude>
    <Clinclude include="include\unordered.h">
      <Filter>Header Files</Filter>
    </ClInclude>
    <Clinclude include="include\plane.h">
      <Filter>Header Files</Filter>
    </ClInclude>
    <Clinclude include="include\timelogger.h">
      <Filter>Header Files</Filter>
    </ClInclude>
    <Clinclude include="include\lepraos.h">
      <Filter>Header Files</Filter>
    </ClInclude>
    <Clinclude include="include\logger.h">
      <Filter>Header Files</Filter>
    </ClInclude>
    <Clinclude include="include\tcpmuxsocket.h">
      <Filter>Header Files</Filter>
    </ClInclude>
    <Clinclude include="include\socketaddressgetter.h">
      <Filter>Header Files</Filter>
    </ClInclude>
    <Clinclude include="include\fastlock.h">
      <Filter>Header Files</Filter>
    </ClInclude>
    <Clinclude include="src\pch.h">
      <Filter>src Files</Filter>
    </ClInclude>
    <Clinclude include="include\datagram.h">
      <Filter>Header Files</Filter>
    </ClInclude>
  </ItemGroup>
  <ItemGroup>
    <None include="include\collisiondetector2d.inl">
      <Filter>Header Files</Filter>
    </None>
    <None include="include\collisiondetector3d.inl">
      <Filter>Header Files</Filter>
    </None>
    <None include="include\consolecommandmanager.inl">
      <Filter>Header Files</Filter>
    </None>
    <None include="include\cubicdecasteljauspline.inl">
      <Filter>Header Files</Filter>
    </None>
    <None include="include\idmanager.inl">
      <Filter>Header Files</Filter>
    </None>
    <None include="include\loosebintree.inl">
      <Filter>Header Files</Filter>
    </None>
    <None include="include\looseoctree.inl">
      <Filter>Header Files</Filter>
    </None>
    <None include="include\loosequadtree.inl">
      <Filter>Header Files</Filter>
    </None>
    <None include="include\performance.inl">
      <Filter>Header Files</Filter>
    </None>
    <None include="include\quaternion.inl">
      <Filter>Header Files</Filter>
    </None>
    <None include="include\rotationmatrix.inl">
      <Filter>Header Files</Filter>
    </None>
    <None include="include\stringutility.inl">
      <Filter>Header Files</Filter>
    </None>
    <None include="include\transformation.inl">
      <Filter>Header Files</Filter>
    </None>
    <None include="include\vector2d.inl">
      <Filter>Header Files</Filter>
    </None>
    <None include="include\vector3d.inl">
      <Filter>Header Files</Filter>
    </None>
  </ItemGroup>
  <ItemGroup>
    <ClCompile include="src\alarm.cpp">
      <Filter>src Files</Filter>
    </ClCompile>
    <ClCompile include="src\application.cpp">
      <Filter>src Files</Filter>
    </ClCompile>
    <ClCompile include="src\archivefile.cpp">
      <Filter>src Files</Filter>
    </ClCompile>
    <ClCompile include="src\bmploader.cpp">
      <Filter>src Files</Filter>
    </ClCompile>
    <ClCompile include="src\bufferstream.cpp">
      <Filter>src Files</Filter>
    </ClCompile>
    <ClCompile include="src\canvas.cpp">
      <Filter>src Files</Filter>
    </ClCompile>
    <ClCompile include="src\checksum.cpp">
      <Filter>src Files</Filter>
    </ClCompile>
    <ClCompile include="src\consolecommandmanager.cpp">
      <Filter>src Files</Filter>
    </ClCompile>
    <ClCompile include="src\cubicspline.cpp">
      <Filter>src Files</Filter>
    </ClCompile>
    <ClCompile include="src\des.cpp">
      <Filter>src Files</Filter>
    </ClCompile>
    <ClCompile include="src\diskfile.cpp">
      <Filter>src Files</Filter>
    </ClCompile>
    <ClCompile include="src\endian.cpp">
      <Filter>src Files</Filter>
    </ClCompile>
    <ClCompile include="src\fdset.cpp">
      <Filter>src Files</Filter>
    </ClCompile>
    <ClCompile include="src\file.cpp">
      <Filter>src Files</Filter>
    </ClCompile>
    <ClCompile include="src\filearchive.cpp">
      <Filter>src Files</Filter>
    </ClCompile>
    <ClCompile include="src\gammalookup.cpp">
      <Filter>src Files</Filter>
    </ClCompile>
    <ClCompile include="src\hirestimer.cpp">
      <Filter>src Files</Filter>
    </ClCompile>
    <ClCompile include="src\imageloader.cpp">
      <Filter>src Files</Filter>
    </ClCompile>
    <ClCompile include="src\iobuffer.cpp">
      <Filter>src Files</Filter>
    </ClCompile>
    <ClCompile include="src\ioerror.cpp">
      <Filter>src Files</Filter>
    </ClCompile>
    <ClCompile include="src\ipaddress.cpp">
      <Filter>src Files</Filter>
    </ClCompile>
    <ClCompile include="src\jpegloader.cpp">
      <Filter>src Files</Filter>
    </ClCompile>
    <ClCompile include="src\lepra.cpp">
      <Filter>src Files</Filter>
    </ClCompile>
    <ClCompile include="src\log.cpp">
      <Filter>src Files</Filter>
    </ClCompile>
    <ClCompile include="src\loglistener.cpp">
      <Filter>src Files</Filter>
    </ClCompile>
    <ClCompile include="src\logtype.cpp">
      <Filter>src Files</Filter>
    </ClCompile>
    <ClCompile include="src\math.cpp">
      <Filter>src Files</Filter>
    </ClCompile>
    <ClCompile include="src\memfile.cpp">
      <Filter>src Files</Filter>
    </ClCompile>
    <ClCompile include="src\memoryleaktracker.cpp">
      <Filter>src Files</Filter>
    </ClCompile>
    <ClCompile include="src\metafile.cpp">
      <Filter>src Files</Filter>
    </ClCompile>
    <ClCompile include="src\network.cpp">
      <Filter>src Files</Filter>
    </ClCompile>
    <ClCompile include="src\number.cpp">
      <Filter>src Files</Filter>
    </ClCompile>
    <ClCompile include="src\packer.cpp">
      <Filter>src Files</Filter>
    </ClCompile>
    <ClCompile include="src\path.cpp">
      <Filter>src Files</Filter>
    </ClCompile>
    <ClCompile include="src\performance.cpp">
      <Filter>src Files</Filter>
    </ClCompile>
    <ClCompile include="src\pngloader.cpp">
      <Filter>src Files</Filter>
    </ClCompile>
    <ClCompile include="src\progresscallback.cpp">
      <Filter>src Files</Filter>
    </ClCompile>
    <ClCompile include="src\random.cpp">
      <Filter>src Files</Filter>
    </ClCompile>
    <ClCompile include="src\reader.cpp">
      <Filter>src Files</Filter>
    </ClCompile>
    <ClCompile include="src\sha1.cpp">
      <Filter>src Files</Filter>
    </ClCompile>
    <ClCompile include="src\socket.cpp">
      <Filter>src Files</Filter>
    </ClCompile>
    <ClCompile include="src\socketaddress.cpp">
      <Filter>src Files</Filter>
    </ClCompile>
    <ClCompile include="src\socketstream.cpp">
      <Filter>src Files</Filter>
    </ClCompile>
    <ClCompile include="src\spinlock.cpp">
      <Filter>src Files</Filter>
    </ClCompile>
    <ClCompile include="src\stringutility.cpp">
      <Filter>src Files</Filter>
    </ClCompile>
    <ClCompile include="src\subfile.cpp">
      <Filter>src Files</Filter>
    </ClCompile>
    <ClCompile include="src\systemmanager.cpp">
      <Filter>src Files</Filter>
    </ClCompile>
    <ClCompile include="src\tgaloader.cpp">
      <Filter>src Files</Filter>
    </ClCompile>
    <ClCompile include="src\thread.cpp">
      <Filter>src Files</Filter>
    </ClCompile>
    <ClCompile include="src\tiffloader.cpp">
      <Filter>src Files</Filter>
    </ClCompile>
    <ClCompile include="src\time.cpp">
      <Filter>src Files</Filter>
    </ClCompile>
    <ClCompile include="src\writer.cpp">
      <Filter>src Files</Filter>
    </ClCompile>
    <ClCompile include="src\ziparchive.cpp">
      <Filter>src Files</Filter>
    </ClCompile>
    <ClCompile include="src\win32\win32anticrack.cpp">
      <Filter>src Files\win32</Filter>
    </ClCompile>
    <ClCompile include="src\win32\win32buslock.cpp">
      <Filter>src Files\win32</Filter>
    </ClCompile>
    <ClCompile include="src\win32\win32systemmanager.cpp">
      <Filter>src Files\win32</Filter>
    </ClCompile>
    <ClCompile include="src\win32\win32thread.cpp">
      <Filter>src Files\win32</Filter>
    </ClCompile>
    <ClCompile include="src\posix\posixanticrack.cpp">
      <Filter>src Files\posix</Filter>
    </ClCompile>
    <ClCompile include="src\posix\posixbuslock.cpp">
      <Filter>src Files\posix</Filter>
    </ClCompile>
    <ClCompile include="src\posix\maclog.mm">
      <Filter>src Files\posix</Filter>
    </ClCompile>
    <ClCompile include="src\obfuxator.cpp">
      <Filter>src Files</Filter>
    </ClCompile>
    <ClCompile include="src\jsonstring.cpp">
      <Filter>src Files</Filter>
    </ClCompile>
    <ClCompile include="src\resourcetracker.cpp">
      <Filter>src Files</Filter>
    </ClCompile>
    <ClCompile include="src\gametimer.cpp">
      <Filter>src Files</Filter>
    </ClCompile>
    <ClCompile include="src\plane.cpp">
      <Filter>src Files</Filter>
    </ClCompile>
    <ClCompile include="src\timelogger.cpp">
      <Filter>src Files</Filter>
    </ClCompile>
    <ClCompile include="src\posix\posixthread.cxx">
      <Filter>src Files\posix</Filter>
    </ClCompile>
    <ClCompile include="src\posix\macthread.mm">
      <Filter>src Files\posix</Filter>
    </ClCompile>
    <ClCompile include="src\logger.cpp">
      <Filter>src Files</Filter>
    </ClCompile>
    <ClCompile include="src\timer.cpp">
      <Filter>src Files</Filter>
    </ClCompile>
    <ClCompile include="src\tcpmuxsocket.cpp">
      <Filter>src Files</Filter>
    </ClCompile>
    <ClCompile include="src\posix\posixsystemmanager.cxx">
      <Filter>src Files\posix</Filter>
    </ClCompile>
    <ClCompile include="src\posix\macsystemmanager.mm">
      <Filter>src Files\posix</Filter>
    </ClCompile>
  </ItemGroup>
  <ItemGroup>
    <CustomBuildStep include="include\posix\posixtarget.h">
      <Filter>Header Files\posix</Filter>
    </CustomBuildStep>
    <CustomBuildStep include="include\posix\posixthread.h">
      <Filter>Header Files\posix</Filter>
    </CustomBuildStep>
  </ItemGroup>
</Project>