<?xml version="1.0" encoding="utf-8"?>
<Project ToolsVersion="4.0" xmlns="http://schemas.microsoft.com/developer/msbuild/2003">
  <ItemGroup>
    <Filter Include="Header Files">
      <UniqueIdentifier>{93995380-89BD-4b04-88EB-625FBE52EBFB}</UniqueIdentifier>
      <Extensions>h;hpp;hxx;hm;inl;inc;xsd</Extensions>
    </Filter>
    <Filter Include="Header Files\Win32">
      <UniqueIdentifier>{a7e5f72c-d075-4490-bec4-598a0e3114ef}</UniqueIdentifier>
    </Filter>
    <Filter Include="Header Files\Posix">
      <UniqueIdentifier>{ff56f430-5f41-48d4-89fa-9d13ce3cd13a}</UniqueIdentifier>
    </Filter>
    <Filter Include="Source Files">
      <UniqueIdentifier>{4FC737F1-C7A5-4376-A066-2A32D752A2FF}</UniqueIdentifier>
      <Extensions>cpp;c;cxx;def;odl;idl;hpj;bat;asm;asmx</Extensions>
    </Filter>
    <Filter Include="Source Files\Win32">
      <UniqueIdentifier>{32513fa1-8894-4c43-a6b5-88e94f6db58a}</UniqueIdentifier>
    </Filter>
    <Filter Include="Source Files\Posix">
      <UniqueIdentifier>{f733a9b7-9e01-4638-8bab-9edf2583f94a}</UniqueIdentifier>
    </Filter>
  </ItemGroup>
  <ItemGroup>
    <ClInclude Include="Include\AABB.h">
      <Filter>Header Files</Filter>
    </ClInclude>
    <ClInclude Include="Include\AABR.h">
      <Filter>Header Files</Filter>
    </ClInclude>
    <ClInclude Include="Include\Alarm.h">
      <Filter>Header Files</Filter>
    </ClInclude>
    <ClInclude Include="Include\AntiCrack.h">
      <Filter>Header Files</Filter>
    </ClInclude>
    <ClInclude Include="Include\Application.h">
      <Filter>Header Files</Filter>
    </ClInclude>
    <ClInclude Include="Include\ArchiveFile.h">
      <Filter>Header Files</Filter>
    </ClInclude>
    <ClInclude Include="Include\BinTree.h">
      <Filter>Header Files</Filter>
    </ClInclude>
    <ClInclude Include="Include\BmpLoader.h">
      <Filter>Header Files</Filter>
    </ClInclude>
    <ClInclude Include="Include\BufferStream.h">
      <Filter>Header Files</Filter>
    </ClInclude>
    <ClInclude Include="Include\BusLock.h">
      <Filter>Header Files</Filter>
    </ClInclude>
    <ClInclude Include="Include\Canvas.h">
      <Filter>Header Files</Filter>
    </ClInclude>
    <ClInclude Include="Include\Checksum.h">
      <Filter>Header Files</Filter>
    </ClInclude>
    <ClInclude Include="Include\Circle.h">
      <Filter>Header Files</Filter>
    </ClInclude>
    <ClInclude Include="Include\CollisionDetector2D.h">
      <Filter>Header Files</Filter>
    </ClInclude>
    <ClInclude Include="Include\CollisionDetector3D.h">
      <Filter>Header Files</Filter>
    </ClInclude>
    <ClInclude Include="Include\ConsoleCommandManager.h">
      <Filter>Header Files</Filter>
    </ClInclude>
    <ClInclude Include="Include\CubicDeCasteljauSpline.h">
      <Filter>Header Files</Filter>
    </ClInclude>
    <ClInclude Include="Include\CubicSpline.h">
      <Filter>Header Files</Filter>
    </ClInclude>
    <ClInclude Include="Include\CyclicArray.h">
      <Filter>Header Files</Filter>
    </ClInclude>
    <ClInclude Include="Include\Cylinder.h">
      <Filter>Header Files</Filter>
    </ClInclude>
    <ClInclude Include="Include\DES.h">
      <Filter>Header Files</Filter>
    </ClInclude>
    <ClInclude Include="Include\DiskFile.h">
      <Filter>Header Files</Filter>
    </ClInclude>
    <ClInclude Include="Include\Endian.h">
      <Filter>Header Files</Filter>
    </ClInclude>
    <ClInclude Include="Include\FastAllocator.h">
      <Filter>Header Files</Filter>
    </ClInclude>
    <ClInclude Include="Include\FdSet.h">
      <Filter>Header Files</Filter>
    </ClInclude>
    <ClInclude Include="Include\File.h">
      <Filter>Header Files</Filter>
    </ClInclude>
    <ClInclude Include="Include\FileArchive.h">
      <Filter>Header Files</Filter>
    </ClInclude>
    <ClInclude Include="Include\FileOpener.h">
      <Filter>Header Files</Filter>
    </ClInclude>
    <ClInclude Include="Include\GammaLookup.h">
      <Filter>Header Files</Filter>
    </ClInclude>
    <ClInclude Include="Include\Graphics2D.h">
      <Filter>Header Files</Filter>
    </ClInclude>
    <ClInclude Include="Include\Hasher.h">
      <Filter>Header Files</Filter>
    </ClInclude>
    <ClInclude Include="Include\HashSet.h">
      <Filter>Header Files</Filter>
    </ClInclude>
    <ClInclude Include="Include\HashTable.h">
      <Filter>Header Files</Filter>
    </ClInclude>
    <ClInclude Include="Include\HashUtil.h">
      <Filter>Header Files</Filter>
    </ClInclude>
    <ClInclude Include="Include\HiResTimer.h">
      <Filter>Header Files</Filter>
    </ClInclude>
    <ClInclude Include="Include\IdManager.h">
      <Filter>Header Files</Filter>
    </ClInclude>
    <ClInclude Include="Include\ImageLoader.h">
      <Filter>Header Files</Filter>
    </ClInclude>
    <ClInclude Include="Include\InputStream.h">
      <Filter>Header Files</Filter>
    </ClInclude>
    <ClInclude Include="Include\IOBuffer.h">
      <Filter>Header Files</Filter>
    </ClInclude>
    <ClInclude Include="Include\IOError.h">
      <Filter>Header Files</Filter>
    </ClInclude>
    <ClInclude Include="Include\IPAddress.h">
      <Filter>Header Files</Filter>
    </ClInclude>
    <ClInclude Include="Include\JpegLoader.h">
      <Filter>Header Files</Filter>
    </ClInclude>
    <ClInclude Include="Include\Lepra.h">
      <Filter>Header Files</Filter>
    </ClInclude>
    <ClInclude Include="Include\LepraTarget.h">
      <Filter>Header Files</Filter>
    </ClInclude>
    <ClInclude Include="Include\LepraTypes.h">
      <Filter>Header Files</Filter>
    </ClInclude>
    <ClInclude Include="Include\LepraUndef.h">
      <Filter>Header Files</Filter>
    </ClInclude>
    <ClInclude Include="Include\ListUtil.h">
      <Filter>Header Files</Filter>
    </ClInclude>
    <ClInclude Include="Include\Log.h">
      <Filter>Header Files</Filter>
    </ClInclude>
    <ClInclude Include="Include\LogListener.h">
      <Filter>Header Files</Filter>
    </ClInclude>
    <ClInclude Include="Include\LogType.h">
      <Filter>Header Files</Filter>
    </ClInclude>
    <ClInclude Include="Include\LooseBinTree.h">
      <Filter>Header Files</Filter>
    </ClInclude>
    <ClInclude Include="Include\LooseOctree.h">
      <Filter>Header Files</Filter>
    </ClInclude>
    <ClInclude Include="Include\LooseQuadtree.h">
      <Filter>Header Files</Filter>
    </ClInclude>
    <ClInclude Include="Include\Math.h">
      <Filter>Header Files</Filter>
    </ClInclude>
    <ClInclude Include="Include\MemberThread.h">
      <Filter>Header Files</Filter>
    </ClInclude>
    <ClInclude Include="Include\MemFile.h">
      <Filter>Header Files</Filter>
    </ClInclude>
    <ClInclude Include="Include\MemoryLeakTracker.h">
      <Filter>Header Files</Filter>
    </ClInclude>
    <ClInclude Include="Include\MetaFile.h">
      <Filter>Header Files</Filter>
    </ClInclude>
    <ClInclude Include="Include\Network.h">
      <Filter>Header Files</Filter>
    </ClInclude>
    <ClInclude Include="Include\Number.h">
      <Filter>Header Files</Filter>
    </ClInclude>
    <ClInclude Include="Include\OBB.h">
      <Filter>Header Files</Filter>
    </ClInclude>
    <ClInclude Include="Include\OBR.h">
      <Filter>Header Files</Filter>
    </ClInclude>
    <ClInclude Include="Include\OrderedMap.h">
      <Filter>Header Files</Filter>
    </ClInclude>
    <ClInclude Include="Include\OutputStream.h">
      <Filter>Header Files</Filter>
    </ClInclude>
    <ClInclude Include="Include\Packer.h">
      <Filter>Header Files</Filter>
    </ClInclude>
    <ClInclude Include="Include\Path.h">
      <Filter>Header Files</Filter>
    </ClInclude>
    <ClInclude Include="Include\Performance.h">
      <Filter>Header Files</Filter>
    </ClInclude>
    <ClInclude Include="Include\PngLoader.h">
      <Filter>Header Files</Filter>
    </ClInclude>
    <ClInclude Include="Include\ProgressCallback.h">
      <Filter>Header Files</Filter>
    </ClInclude>
    <ClInclude Include="Include\Quaternion.h">
      <Filter>Header Files</Filter>
    </ClInclude>
    <ClInclude Include="Include\QuickList.h">
      <Filter>Header Files</Filter>
    </ClInclude>
    <ClInclude Include="Include\Random.h">
      <Filter>Header Files</Filter>
    </ClInclude>
    <ClInclude Include="Include\Reader.h">
      <Filter>Header Files</Filter>
    </ClInclude>
    <ClInclude Include="Include\RotationMatrix.h">
      <Filter>Header Files</Filter>
    </ClInclude>
    <ClInclude Include="Include\SHA1.h">
      <Filter>Header Files</Filter>
    </ClInclude>
    <ClInclude Include="Include\SkipList.h">
      <Filter>Header Files</Filter>
    </ClInclude>
    <ClInclude Include="Include\SmartPointer.h">
      <Filter>Header Files</Filter>
    </ClInclude>
    <ClInclude Include="Include\Socket.h">
      <Filter>Header Files</Filter>
    </ClInclude>
    <ClInclude Include="Include\SocketAddress.h">
      <Filter>Header Files</Filter>
    </ClInclude>
    <ClInclude Include="Include\SocketStream.h">
      <Filter>Header Files</Filter>
    </ClInclude>
    <ClInclude Include="Include\Sphere.h">
      <Filter>Header Files</Filter>
    </ClInclude>
    <ClInclude Include="Include\SpinLock.h">
      <Filter>Header Files</Filter>
    </ClInclude>
    <ClInclude Include="Include\String.h">
      <Filter>Header Files</Filter>
    </ClInclude>
    <ClInclude Include="Include\StringUtility.h">
      <Filter>Header Files</Filter>
    </ClInclude>
    <ClInclude Include="Include\SubFile.h">
      <Filter>Header Files</Filter>
    </ClInclude>
    <ClInclude Include="Include\SystemManager.h">
      <Filter>Header Files</Filter>
    </ClInclude>
    <ClInclude Include="Include\TgaLoader.h">
      <Filter>Header Files</Filter>
    </ClInclude>
    <ClInclude Include="Include\Thread.h">
      <Filter>Header Files</Filter>
    </ClInclude>
    <ClInclude Include="Include\TiffLoader.h">
      <Filter>Header Files</Filter>
    </ClInclude>
    <ClInclude Include="Include\Time.h">
      <Filter>Header Files</Filter>
    </ClInclude>
    <ClInclude Include="Include\Timer.h">
      <Filter>Header Files</Filter>
    </ClInclude>
    <ClInclude Include="Include\Transformation.h">
      <Filter>Header Files</Filter>
    </ClInclude>
    <ClInclude Include="Include\Vector2D.h">
      <Filter>Header Files</Filter>
    </ClInclude>
    <ClInclude Include="Include\Vector3D.h">
      <Filter>Header Files</Filter>
    </ClInclude>
    <ClInclude Include="Include\Writer.h">
      <Filter>Header Files</Filter>
    </ClInclude>
    <ClInclude Include="Include\ZipArchive.h">
      <Filter>Header Files</Filter>
    </ClInclude>
    <ClInclude Include="Include\Win32\Win32Target.h">
      <Filter>Header Files\Win32</Filter>
    </ClInclude>
    <ClInclude Include="Include\Win32\Win32Thread.h">
      <Filter>Header Files\Win32</Filter>
    </ClInclude>
    <ClInclude Include="Include\Obfuxator.h">
      <Filter>Header Files</Filter>
    </ClInclude>
    <ClInclude Include="Include\JsonString.h">
      <Filter>Header Files</Filter>
    </ClInclude>
    <ClInclude Include="Include\ResourceTracker.h">
      <Filter>Header Files</Filter>
    </ClInclude>
    <ClInclude Include="Include\GameTimer.h">
      <Filter>Header Files</Filter>
    </ClInclude>
    <ClInclude Include="Include\Unordered.h">
      <Filter>Header Files</Filter>
    </ClInclude>
  </ItemGroup>
  <ItemGroup>
    <None Include="Include\CollisionDetector2D.inl">
      <Filter>Header Files</Filter>
    </None>
    <None Include="Include\CollisionDetector3D.inl">
      <Filter>Header Files</Filter>
    </None>
    <None Include="Include\ConsoleCommandManager.inl">
      <Filter>Header Files</Filter>
    </None>
    <None Include="Include\CubicDeCasteljauSpline.inl">
      <Filter>Header Files</Filter>
    </None>
    <None Include="Include\IdManager.inl">
      <Filter>Header Files</Filter>
    </None>
    <None Include="Include\LooseBinTree.inl">
      <Filter>Header Files</Filter>
    </None>
    <None Include="Include\LooseOctree.inl">
      <Filter>Header Files</Filter>
    </None>
    <None Include="Include\LooseQuadtree.inl">
      <Filter>Header Files</Filter>
    </None>
    <None Include="Include\Performance.inl">
      <Filter>Header Files</Filter>
    </None>
    <None Include="Include\Quaternion.inl">
      <Filter>Header Files</Filter>
    </None>
    <None Include="Include\RotationMatrix.inl">
      <Filter>Header Files</Filter>
    </None>
    <None Include="Include\StringUtility.inl">
      <Filter>Header Files</Filter>
    </None>
    <None Include="Include\Transformation.inl">
      <Filter>Header Files</Filter>
    </None>
    <None Include="Include\Vector2D.inl">
      <Filter>Header Files</Filter>
    </None>
    <None Include="Include\Vector3D.inl">
      <Filter>Header Files</Filter>
    </None>
  </ItemGroup>
  <ItemGroup>
    <ClCompile Include="Source\Alarm.cpp">
      <Filter>Source Files</Filter>
    </ClCompile>
    <ClCompile Include="Source\Application.cpp">
      <Filter>Source Files</Filter>
    </ClCompile>
    <ClCompile Include="Source\ArchiveFile.cpp">
      <Filter>Source Files</Filter>
    </ClCompile>
    <ClCompile Include="Source\BmpLoader.cpp">
      <Filter>Source Files</Filter>
    </ClCompile>
    <ClCompile Include="Source\BufferStream.cpp">
      <Filter>Source Files</Filter>
    </ClCompile>
    <ClCompile Include="Source\Canvas.cpp">
      <Filter>Source Files</Filter>
    </ClCompile>
    <ClCompile Include="Source\Checksum.cpp">
      <Filter>Source Files</Filter>
    </ClCompile>
    <ClCompile Include="Source\ConsoleCommandManager.cpp">
      <Filter>Source Files</Filter>
    </ClCompile>
    <ClCompile Include="Source\CubicSpline.cpp">
      <Filter>Source Files</Filter>
    </ClCompile>
    <ClCompile Include="Source\DES.cpp">
      <Filter>Source Files</Filter>
    </ClCompile>
    <ClCompile Include="Source\DiskFile.cpp">
      <Filter>Source Files</Filter>
    </ClCompile>
    <ClCompile Include="Source\Endian.cpp">
      <Filter>Source Files</Filter>
    </ClCompile>
    <ClCompile Include="Source\FdSet.cpp">
      <Filter>Source Files</Filter>
    </ClCompile>
    <ClCompile Include="Source\File.cpp">
      <Filter>Source Files</Filter>
    </ClCompile>
    <ClCompile Include="Source\FileArchive.cpp">
      <Filter>Source Files</Filter>
    </ClCompile>
    <ClCompile Include="Source\GammaLookup.cpp">
      <Filter>Source Files</Filter>
    </ClCompile>
    <ClCompile Include="Source\HiResTimer.cpp">
      <Filter>Source Files</Filter>
    </ClCompile>
    <ClCompile Include="Source\ImageLoader.cpp">
      <Filter>Source Files</Filter>
    </ClCompile>
    <ClCompile Include="Source\IOBuffer.cpp">
      <Filter>Source Files</Filter>
    </ClCompile>
    <ClCompile Include="Source\IOError.cpp">
      <Filter>Source Files</Filter>
    </ClCompile>
    <ClCompile Include="Source\IPAddress.cpp">
      <Filter>Source Files</Filter>
    </ClCompile>
    <ClCompile Include="Source\JpegLoader.cpp">
      <Filter>Source Files</Filter>
    </ClCompile>
    <ClCompile Include="Source\Lepra.cpp">
      <Filter>Source Files</Filter>
    </ClCompile>
    <ClCompile Include="Source\Log.cpp">
      <Filter>Source Files</Filter>
    </ClCompile>
    <ClCompile Include="Source\LogListener.cpp">
      <Filter>Source Files</Filter>
    </ClCompile>
    <ClCompile Include="Source\LogType.cpp">
      <Filter>Source Files</Filter>
    </ClCompile>
    <ClCompile Include="Source\Math.cpp">
      <Filter>Source Files</Filter>
    </ClCompile>
    <ClCompile Include="Source\MemFile.cpp">
      <Filter>Source Files</Filter>
    </ClCompile>
    <ClCompile Include="Source\MemoryLeakTracker.cpp">
      <Filter>Source Files</Filter>
    </ClCompile>
    <ClCompile Include="Source\MetaFile.cpp">
      <Filter>Source Files</Filter>
    </ClCompile>
    <ClCompile Include="Source\Network.cpp">
      <Filter>Source Files</Filter>
    </ClCompile>
    <ClCompile Include="Source\Number.cpp">
      <Filter>Source Files</Filter>
    </ClCompile>
    <ClCompile Include="Source\Packer.cpp">
      <Filter>Source Files</Filter>
    </ClCompile>
    <ClCompile Include="Source\Path.cpp">
      <Filter>Source Files</Filter>
    </ClCompile>
    <ClCompile Include="Source\Performance.cpp">
      <Filter>Source Files</Filter>
    </ClCompile>
    <ClCompile Include="Source\PngLoader.cpp">
      <Filter>Source Files</Filter>
    </ClCompile>
    <ClCompile Include="Source\ProgressCallback.cpp">
      <Filter>Source Files</Filter>
    </ClCompile>
    <ClCompile Include="Source\Random.cpp">
      <Filter>Source Files</Filter>
    </ClCompile>
    <ClCompile Include="Source\Reader.cpp">
      <Filter>Source Files</Filter>
    </ClCompile>
    <ClCompile Include="Source\SHA1.cpp">
      <Filter>Source Files</Filter>
    </ClCompile>
    <ClCompile Include="Source\Socket.cpp">
      <Filter>Source Files</Filter>
    </ClCompile>
    <ClCompile Include="Source\SocketAddress.cpp">
      <Filter>Source Files</Filter>
    </ClCompile>
    <ClCompile Include="Source\SocketStream.cpp">
      <Filter>Source Files</Filter>
    </ClCompile>
    <ClCompile Include="Source\SpinLock.cpp">
      <Filter>Source Files</Filter>
    </ClCompile>
    <ClCompile Include="Source\StringUtility.cpp">
      <Filter>Source Files</Filter>
    </ClCompile>
    <ClCompile Include="Source\SubFile.cpp">
      <Filter>Source Files</Filter>
    </ClCompile>
    <ClCompile Include="Source\SystemManager.cpp">
      <Filter>Source Files</Filter>
    </ClCompile>
    <ClCompile Include="Source\TgaLoader.cpp">
      <Filter>Source Files</Filter>
    </ClCompile>
    <ClCompile Include="Source\Thread.cpp">
      <Filter>Source Files</Filter>
    </ClCompile>
    <ClCompile Include="Source\TiffLoader.cpp">
      <Filter>Source Files</Filter>
    </ClCompile>
    <ClCompile Include="Source\Time.cpp">
      <Filter>Source Files</Filter>
    </ClCompile>
    <ClCompile Include="Source\Writer.cpp">
      <Filter>Source Files</Filter>
    </ClCompile>
    <ClCompile Include="Source\ZipArchive.cpp">
      <Filter>Source Files</Filter>
    </ClCompile>
    <ClCompile Include="Source\Win32\Win32AntiCrack.cpp">
      <Filter>Source Files\Win32</Filter>
    </ClCompile>
    <ClCompile Include="Source\Win32\Win32BusLock.cpp">
      <Filter>Source Files\Win32</Filter>
    </ClCompile>
    <ClCompile Include="Source\Win32\Win32SystemManager.cpp">
      <Filter>Source Files\Win32</Filter>
    </ClCompile>
    <ClCompile Include="Source\Win32\Win32Thread.cpp">
      <Filter>Source Files\Win32</Filter>
    </ClCompile>
    <ClCompile Include="Source\Posix\PosixAntiCrack.cpp">
      <Filter>Source Files\Posix</Filter>
    </ClCompile>
    <ClCompile Include="Source\Posix\PosixBusLock.cpp">
      <Filter>Source Files\Posix</Filter>
    </ClCompile>
    <ClCompile Include="Source\Posix\PosixSystemManager.cpp">
      <Filter>Source Files\Posix</Filter>
    </ClCompile>
    <ClCompile Include="Source\Posix\PosixThread.cpp">
      <Filter>Source Files\Posix</Filter>
    </ClCompile>
    <ClCompile Include="Source\Posix\MacLog.mm">
      <Filter>Source Files\Posix</Filter>
    </ClCompile>
    <ClCompile Include="Source\Obfuxator.cpp">
      <Filter>Source Files</Filter>
    </ClCompile>
    <ClCompile Include="Source\JsonString.cpp">
      <Filter>Source Files</Filter>
    </ClCompile>
    <ClCompile Include="Source\ResourceTracker.cpp">
      <Filter>Source Files</Filter>
    </ClCompile>
    <ClCompile Include="Source\GameTimer.cpp">
      <Filter>Source Files</Filter>
    </ClCompile>
  </ItemGroup>
  <ItemGroup>
    <CustomBuildStep Include="Include\Posix\PosixTarget.h">
      <Filter>Header Files\Posix</Filter>
    </CustomBuildStep>
    <CustomBuildStep Include="Include\Posix\PosixThread.h">
      <Filter>Header Files\Posix</Filter>
    </CustomBuildStep>
  </ItemGroup>
</Project>