<?xml version="1.0" encoding="utf-8"?>
<Project ToolsVersion="4.0" xmlns="http://schemas.microsoft.com/developer/msbuild/2003">
  <ItemGroup>
    <Filter include="src Files">
      <UniqueIdentifier>{C7D1C39C-9710-11E4-A7E0-BCEE7B8C67B1}</UniqueIdentifier>
      <Extensions>cpp;c;cxx;def;odl;idl;hpj;bat;asm;asmx</Extensions>
    </Filter>
    <Filter include="Header Files">
      <UniqueIdentifier>{C7D1C39D-9710-11E4-AAD3-BCEE7B8C67B1}</UniqueIdentifier>
      <Extensions>h;hpp;hxx;hm;inl;inc;xsd</Extensions>
    </Filter>
  </ItemGroup>
  <ItemGroup>
    <ClCompile include="trabantsim.cxx">
      <Filter>src Files</Filter>
    </ClCompile>
    <ClCompile include="trabantsimconsolemanager.cpp">
      <Filter>src Files</Filter>
    </ClCompile>
    <ClCompile include="trabantsimmanager.cpp">
      <Filter>src Files</Filter>
    </ClCompile>
    <ClCompile include="trabantsimticker.cpp">
      <Filter>src Files</Filter>
    </ClCompile>
    <ClCompile include="object.cpp">
      <Filter>src Files</Filter>
    </ClCompile>
    <ClCompile include="light.cpp">
      <Filter>src Files</Filter>
    </ClCompile>
    <ClCompile include="physgfxobject.cpp">
      <Filter>src Files</Filter>
    </ClCompile>
    <ClCompile include="fileserver.cpp">
      <Filter>src Files</Filter>
    </ClCompile>
  </ItemGroup>
  <ItemGroup>
    <Clinclude include="trabantsim.h">
      <Filter>Header Files</Filter>
    </ClInclude>
    <Clinclude include="trabantsimconsolemanager.h">
      <Filter>Header Files</Filter>
    </ClInclude>
    <Clinclude include="trabantsimmanager.h">
      <Filter>Header Files</Filter>
    </ClInclude>
    <Clinclude include="trabantsimticker.h">
      <Filter>Header Files</Filter>
    </ClInclude>
    <Clinclude include="rtvar.h">
      <Filter>Header Files</Filter>
    </ClInclude>
    <Clinclude include="version.h">
      <Filter>Header Files</Filter>
    </ClInclude>
    <Clinclude include="object.h">
      <Filter>Header Files</Filter>
    </ClInclude>
    <Clinclude include="light.h">
      <Filter>Header Files</Filter>
    </ClInclude>
    <Clinclude include="physgfxobject.h">
      <Filter>Header Files</Filter>
    </ClInclude>
    <Clinclude include="editviewcontroller.h">
      <Filter>Header Files</Filter>
    </ClInclude>
    <Clinclude include="listviewcontroller.h">
      <Filter>Header Files</Filter>
    </ClInclude>
    <Clinclude include="pythontextview.h">
      <Filter>Header Files</Filter>
    </ClInclude>
    <Clinclude include="cyrlayoutmanager.h">
      <Filter>Header Files</Filter>
    </ClInclude>
    <Clinclude include="cyrtextstorage.h">
      <Filter>Header Files</Filter>
    </ClInclude>
    <Clinclude include="cyrtextview.h">
      <Filter>Header Files</Filter>
    </ClInclude>
    <Clinclude include="cyrtoken.h">
      <Filter>Header Files</Filter>
    </ClInclude>
    <Clinclude include="animatedapp.h">
      <Filter>Header Files</Filter>
    </ClInclude>
    <Clinclude include="backbuttonhandler.h">
      <Filter>Header Files</Filter>
    </ClInclude>
    <Clinclude include="createnewviewcontroller.h">
      <Filter>Header Files</Filter>
    </ClInclude>
    <Clinclude include="fileserver.h">
      <Filter>Header Files</Filter>
    </ClInclude>
    <Clinclude include="pch.h">
      <Filter>Header Files</Filter>
    </ClInclude>
    <Clinclude include="pythonrunner.h">
      <Filter>Header Files</Filter>
    </ClInclude>
    <Clinclude include="stdoutviewcontroller.h">
      <Filter>Header Files</Filter>
    </ClInclude>
  </ItemGroup>
  <ItemGroup>
    <None include="trabantsim.mm">
      <Filter>src Files</Filter>
    </None>
    <None include="pythontextview.m">
      <Filter>src Files</Filter>
    </None>
    <None include="ListViewController.m">
      <Filter>src Files</Filter>
    </None>
    <None include="cyrlayoutmanager.m">
      <Filter>src Files</Filter>
    </None>
    <None include="cyrtoken.m">
      <Filter>src Files</Filter>
    </None>
    <None include="cyrtextstorage.m">
      <Filter>src Files</Filter>
    </None>
    <None include="cyrtextview.m">
      <Filter>src Files</Filter>
    </None>
    <None include="editviewcontroller.mm">
      <Filter>src Files</Filter>
    </None>
    <None include="todo.txt" />
    <None include="backbuttonhandler.m">
      <Filter>src Files</Filter>
    </None>
    <None include="stdoutviewcontroller.mm">
      <Filter>src Files</Filter>
    </None>
    <None include="createnewviewcontroller.m">
      <Filter>src Files</Filter>
    </None>
    <None include="pythonrunner.mm">
      <Filter>src Files</Filter>
    </None>
  </ItemGroup>
  <ItemGroup>
    <ResourceCompile include="trabantsim.rc" />
  </ItemGroup>
</Project>