<?xml version="1.0" encoding="utf-8"?>
<Project ToolsVersion="4.0" xmlns="http://schemas.microsoft.com/developer/msbuild/2003">
  <ItemGroup>
    <Filter Include="Source Files">
      <UniqueIdentifier>{C7D1C39C-9710-11E4-A7E0-BCEE7B8C67B1}</UniqueIdentifier>
      <Extensions>cpp;c;cxx;def;odl;idl;hpj;bat;asm;asmx</Extensions>
    </Filter>
    <Filter Include="Header Files">
      <UniqueIdentifier>{C7D1C39D-9710-11E4-AAD3-BCEE7B8C67B1}</UniqueIdentifier>
      <Extensions>h;hpp;hxx;hm;inl;inc;xsd</Extensions>
    </Filter>
  </ItemGroup>
  <ItemGroup>
    <ClCompile Include="TrabantSim.cxx">
      <Filter>Source Files</Filter>
    </ClCompile>
    <ClCompile Include="TrabantSimConsoleManager.cpp">
      <Filter>Source Files</Filter>
    </ClCompile>
    <ClCompile Include="TrabantSimManager.cpp">
      <Filter>Source Files</Filter>
    </ClCompile>
    <ClCompile Include="TrabantSimTicker.cpp">
      <Filter>Source Files</Filter>
    </ClCompile>
    <ClCompile Include="Object.cpp">
      <Filter>Source Files</Filter>
    </ClCompile>
    <ClCompile Include="Light.cpp">
      <Filter>Source Files</Filter>
    </ClCompile>
    <ClCompile Include="PhysGfxObject.cpp">
      <Filter>Source Files</Filter>
    </ClCompile>
  </ItemGroup>
  <ItemGroup>
    <ClInclude Include="TrabantSim.h">
      <Filter>Header Files</Filter>
    </ClInclude>
    <ClInclude Include="TrabantSimConsoleManager.h">
      <Filter>Header Files</Filter>
    </ClInclude>
    <ClInclude Include="TrabantSimManager.h">
      <Filter>Header Files</Filter>
    </ClInclude>
    <ClInclude Include="TrabantSimTicker.h">
      <Filter>Header Files</Filter>
    </ClInclude>
    <ClInclude Include="RtVar.h">
      <Filter>Header Files</Filter>
    </ClInclude>
    <ClInclude Include="Version.h">
      <Filter>Header Files</Filter>
    </ClInclude>
    <ClInclude Include="Object.h">
      <Filter>Header Files</Filter>
    </ClInclude>
    <ClInclude Include="Light.h">
      <Filter>Header Files</Filter>
    </ClInclude>
    <ClInclude Include="PhysGfxObject.h">
      <Filter>Header Files</Filter>
    </ClInclude>
    <ClInclude Include="EditViewController.h">
      <Filter>Header Files</Filter>
    </ClInclude>
    <ClInclude Include="ListViewController.h">
      <Filter>Header Files</Filter>
    </ClInclude>
    <ClInclude Include="PythonTextView.h">
      <Filter>Header Files</Filter>
    </ClInclude>
    <ClInclude Include="CYRLayoutManager.h">
      <Filter>Header Files</Filter>
    </ClInclude>
    <ClInclude Include="CYRTextStorage.h">
      <Filter>Header Files</Filter>
    </ClInclude>
    <ClInclude Include="CYRTextView.h">
      <Filter>Header Files</Filter>
    </ClInclude>
    <ClInclude Include="CYRToken.h">
      <Filter>Header Files</Filter>
    </ClInclude>
  </ItemGroup>
  <ItemGroup>
    <None Include="TrabantSim.mm">
      <Filter>Source Files</Filter>
    </None>
    <None Include="EditViewController.m">
      <Filter>Source Files</Filter>
    </None>
    <None Include="PythonTextView.m">
      <Filter>Source Files</Filter>
    </None>
    <None Include="ListViewController.m">
      <Filter>Source Files</Filter>
    </None>
    <None Include="CYRLayoutManager.m">
      <Filter>Source Files</Filter>
    </None>
    <None Include="CYRToken.m">
      <Filter>Source Files</Filter>
    </None>
    <None Include="CYRTextStorage.m">
      <Filter>Source Files</Filter>
    </None>
    <None Include="CYRTextView.m">
      <Filter>Source Files</Filter>
    </None>
  </ItemGroup>
  <ItemGroup>
    <ResourceCompile Include="TrabantSim.rc" />
  </ItemGroup>
</Project>