<?xml version="1.0" encoding="utf-8"?>
<Project ToolsVersion="4.0" xmlns="http://schemas.microsoft.com/developer/msbuild/2003">
  <ItemGroup>
    <Filter Include="Source Files">
      <UniqueIdentifier>{4FC737F1-C7A5-4376-A066-2A32D752A2FF}</UniqueIdentifier>
      <Extensions>cpp;c;cxx;def;odl;idl;hpj;bat;asm;asmx</Extensions>
    </Filter>
    <Filter Include="Header Files">
      <UniqueIdentifier>{04018145-1cd5-4b77-a5ad-4d7f73718596}</UniqueIdentifier>
    </Filter>
    <Filter Include="Util">
      <UniqueIdentifier>{8723b11e-5c5a-4bb1-991e-9ae15246334d}</UniqueIdentifier>
    </Filter>
  </ItemGroup>
  <ItemGroup>
    <ClCompile Include="PushServer.cpp">
      <Filter>Source Files</Filter>
    </ClCompile>
    <ClCompile Include="PushServerMessageProcessor.cpp">
      <Filter>Source Files</Filter>
    </ClCompile>
    <ClCompile Include="PushServerTicker.cpp">
      <Filter>Source Files</Filter>
    </ClCompile>
    <ClCompile Include="..\Explosion.cpp">
      <Filter>Util</Filter>
    </ClCompile>
    <ClCompile Include="PushServerDelegate.cpp">
      <Filter>Source Files</Filter>
    </ClCompile>
    <ClCompile Include="BombPlane.cpp">
      <Filter>Source Files</Filter>
    </ClCompile>
    <ClCompile Include="GameServerLogic.cpp">
      <Filter>Source Files</Filter>
    </ClCompile>
    <ClCompile Include="Npc.cpp">
      <Filter>Source Files</Filter>
    </ClCompile>
    <ClCompile Include="PushServerConsole.cpp">
      <Filter>Source Files</Filter>
    </ClCompile>
    <ClCompile Include="ServerFastProjectile.cpp">
      <Filter>Source Files</Filter>
    </ClCompile>
    <ClCompile Include="ServerMine.cpp">
      <Filter>Source Files</Filter>
    </ClCompile>
    <ClCompile Include="ServerProjectile.cpp">
      <Filter>Source Files</Filter>
    </ClCompile>
  </ItemGroup>
  <ItemGroup>
    <ClInclude Include="PushServerMessageProcessor.h">
      <Filter>Header Files</Filter>
    </ClInclude>
    <ClInclude Include="PushServerTicker.h">
      <Filter>Header Files</Filter>
    </ClInclude>
    <ClInclude Include="ServerLauncher.h">
      <Filter>Header Files</Filter>
    </ClInclude>
    <ClInclude Include="..\Explosion.h">
      <Filter>Util</Filter>
    </ClInclude>
    <ClInclude Include="BombPlane.h">
      <Filter>Header Files</Filter>
    </ClInclude>
    <ClInclude Include="GameServerLogic.h">
      <Filter>Header Files</Filter>
    </ClInclude>
    <ClInclude Include="Npc.h">
      <Filter>Header Files</Filter>
    </ClInclude>
    <ClInclude Include="PushServerConsole.h">
      <Filter>Header Files</Filter>
    </ClInclude>
    <ClInclude Include="PushServerDelegate.h">
      <Filter>Header Files</Filter>
    </ClInclude>
    <ClInclude Include="ServerFastProjectile.h">
      <Filter>Header Files</Filter>
    </ClInclude>
    <ClInclude Include="ServerMine.h">
      <Filter>Header Files</Filter>
    </ClInclude>
    <ClInclude Include="ServerProjectile.h">
      <Filter>Header Files</Filter>
    </ClInclude>
  </ItemGroup>
</Project>