<?xml version="1.0" encoding="utf-8"?>
<Project ToolsVersion="4.0" xmlns="http://schemas.microsoft.com/developer/msbuild/2003">
  <ItemGroup>
    <Filter Include="Source Files">
      <UniqueIdentifier>{4FC737F1-C7A5-4376-A066-2A32D752A2FF}</UniqueIdentifier>
      <Extensions>cpp;c;cxx;def;odl;idl;hpj;bat;asm;asmx</Extensions>
    </Filter>
    <Filter Include="Header Files">
      <UniqueIdentifier>{93995380-89BD-4b04-88EB-625FBE52EBFB}</UniqueIdentifier>
      <Extensions>h;hpp;hxx;hm;inl;inc;xsd</Extensions>
    </Filter>
  </ItemGroup>
  <ItemGroup>
    <ClCompile Include="Source\UiCollisionSoundManager.cpp">
      <Filter>Source Files</Filter>
    </ClCompile>
    <ClCompile Include="Source\UiCppContextObject.cpp">
      <Filter>Source Files</Filter>
    </ClCompile>
    <ClCompile Include="Source\UiCure.cpp">
      <Filter>Source Files</Filter>
    </ClCompile>
    <ClCompile Include="Source\UiGameUiManager.cxx">
      <Filter>Source Files</Filter>
    </ClCompile>
    <ClCompile Include="Source\UiIconButton.cpp">
      <Filter>Source Files</Filter>
    </ClCompile>
    <ClCompile Include="Source\UiLineGraph2d.cpp">
      <Filter>Source Files</Filter>
    </ClCompile>
    <ClCompile Include="Source\UiMachine.cpp">
      <Filter>Source Files</Filter>
    </ClCompile>
    <ClCompile Include="Source\UiMusicPlayer.cpp">
      <Filter>Source Files</Filter>
    </ClCompile>
    <ClCompile Include="Source\UiProps.cpp">
      <Filter>Source Files</Filter>
    </ClCompile>
    <ClCompile Include="Source\UiResourceManager.cpp">
      <Filter>Source Files</Filter>
    </ClCompile>
    <ClCompile Include="Source\UiSound.cpp">
      <Filter>Source Files</Filter>
    </ClCompile>
    <ClCompile Include="Source\UiGravelEmitter.cpp">
      <Filter>Source Files</Filter>
    </ClCompile>
    <ClCompile Include="Source\UiExhaustEmitter.cpp">
      <Filter>Source Files</Filter>
    </ClCompile>
    <ClCompile Include="Source\UiDebugRenderer.cpp">
      <Filter>Source Files</Filter>
    </ClCompile>
    <ClCompile Include="Source\UiSoundReleaser.cpp">
      <Filter>Source Files</Filter>
    </ClCompile>
    <ClCompile Include="Source\UiParticleLoader.cpp">
      <Filter>Source Files</Filter>
    </ClCompile>
    <ClCompile Include="Source\UiJetEngineEmitter.cpp">
      <Filter>Source Files</Filter>
    </ClCompile>
    <ClCompile Include="Source\UiPythonInterface.cpp">
      <Filter>Source Files</Filter>
    </ClCompile>
    <ClCompile Include="Source\UiTerrainManager.cpp">
      <Filter>Source Files</Filter>
    </ClCompile>
    <ClCompile Include="Source\UiBurnEmitter.cpp">
      <Filter>Source Files</Filter>
    </ClCompile>
    <ClCompile Include="Source\UiGameUiManager.mm">
      <Filter>Source Files</Filter>
    </ClCompile>
  </ItemGroup>
  <ItemGroup>
    <None Include="Include\UiResourceManager.inl">
      <Filter>Header Files</Filter>
    </None>
  </ItemGroup>
  <ItemGroup>
    <ClInclude Include="Include\UiCollisionSoundManager.h">
      <Filter>Header Files</Filter>
    </ClInclude>
    <ClInclude Include="Include\UiCppContextObject.h">
      <Filter>Header Files</Filter>
    </ClInclude>
    <ClInclude Include="Include\UiCure.h">
      <Filter>Header Files</Filter>
    </ClInclude>
    <ClInclude Include="Include\UiGameUiManager.h">
      <Filter>Header Files</Filter>
    </ClInclude>
    <ClInclude Include="Include\UiIconButton.h">
      <Filter>Header Files</Filter>
    </ClInclude>
    <ClInclude Include="Include\UiLineGraph2d.h">
      <Filter>Header Files</Filter>
    </ClInclude>
    <ClInclude Include="Include\UiMachine.h">
      <Filter>Header Files</Filter>
    </ClInclude>
    <ClInclude Include="Include\UiMusicPlayer.h">
      <Filter>Header Files</Filter>
    </ClInclude>
    <ClInclude Include="Include\UiProps.h">
      <Filter>Header Files</Filter>
    </ClInclude>
    <ClInclude Include="Include\UiResourceManager.h">
      <Filter>Header Files</Filter>
    </ClInclude>
    <ClInclude Include="Include\UiRuntimeVariableName.h">
      <Filter>Header Files</Filter>
    </ClInclude>
    <ClInclude Include="Include\UiSound.h">
      <Filter>Header Files</Filter>
    </ClInclude>
    <ClInclude Include="Include\UiTerrainManager.h">
      <Filter>Header Files</Filter>
    </ClInclude>
    <ClInclude Include="Include\UiSoundReleaser.h">
      <Filter>Header Files</Filter>
    </ClInclude>
    <ClInclude Include="Include\UiParticleLoader.h">
      <Filter>Header Files</Filter>
    </ClInclude>
    <ClInclude Include="Include\UiDebugRenderer.h">
      <Filter>Header Files</Filter>
    </ClInclude>
    <ClInclude Include="Include\UiExhaustEmitter.h">
      <Filter>Header Files</Filter>
    </ClInclude>
    <ClInclude Include="Include\UiGravelEmitter.h">
      <Filter>Header Files</Filter>
    </ClInclude>
    <ClInclude Include="Include\UiJetEngineEmitter.h">
      <Filter>Header Files</Filter>
    </ClInclude>
    <ClInclude Include="Include\UiPythonInterface.h">
      <Filter>Header Files</Filter>
    </ClInclude>
    <ClInclude Include="Include\UiBurnEmitter.h">
      <Filter>Header Files</Filter>
    </ClInclude>
  </ItemGroup>
</Project>