<?xml version="1.0" encoding="utf-8"?>
<Project ToolsVersion="4.0" xmlns="http://schemas.microsoft.com/developer/msbuild/2003">
  <ItemGroup>
    <Filter include="src Files">
      <UniqueIdentifier>{4FC737F1-C7A5-4376-A066-2A32D752A2FF}</UniqueIdentifier>
      <Extensions>cpp;c;cxx;def;odl;idl;hpj;bat;asm;asmx</Extensions>
    </Filter>
    <Filter include="Header Files">
      <UniqueIdentifier>{93995380-89BD-4b04-88EB-625FBE52EBFB}</UniqueIdentifier>
      <Extensions>h;hpp;hxx;hm;inl;inc;xsd</Extensions>
    </Filter>
  </ItemGroup>
  <ItemGroup>
    <ClCompile include="src\uicollisionsoundmanager.cpp">
      <Filter>src Files</Filter>
    </ClCompile>
    <ClCompile include="src\uicppcontextobject.cpp">
      <Filter>src Files</Filter>
    </ClCompile>
    <ClCompile include="src\uicure.cpp">
      <Filter>src Files</Filter>
    </ClCompile>
    <ClCompile include="src\uigameuimanager.cxx">
      <Filter>src Files</Filter>
    </ClCompile>
    <ClCompile include="src\uiiconbutton.cpp">
      <Filter>src Files</Filter>
    </ClCompile>
    <ClCompile include="src\uilinegraph2d.cpp">
      <Filter>src Files</Filter>
    </ClCompile>
    <ClCompile include="src\uimachine.cpp">
      <Filter>src Files</Filter>
    </ClCompile>
    <ClCompile include="src\uimusicplayer.cpp">
      <Filter>src Files</Filter>
    </ClCompile>
    <ClCompile include="src\uiprops.cpp">
      <Filter>src Files</Filter>
    </ClCompile>
    <ClCompile include="src\uiresourcemanager.cpp">
      <Filter>src Files</Filter>
    </ClCompile>
    <ClCompile include="src\uisound.cpp">
      <Filter>src Files</Filter>
    </ClCompile>
    <ClCompile include="src\uigravelemitter.cpp">
      <Filter>src Files</Filter>
    </ClCompile>
    <ClCompile include="src\uiexhaustemitter.cpp">
      <Filter>src Files</Filter>
    </ClCompile>
    <ClCompile include="src\uidebugrenderer.cpp">
      <Filter>src Files</Filter>
    </ClCompile>
    <ClCompile include="src\uisoundreleaser.cpp">
      <Filter>src Files</Filter>
    </ClCompile>
    <ClCompile include="src\uiparticleloader.cpp">
      <Filter>src Files</Filter>
    </ClCompile>
    <ClCompile include="src\uijetengineemitter.cpp">
      <Filter>src Files</Filter>
    </ClCompile>
    <ClCompile include="src\uipythoninterface.cpp">
      <Filter>src Files</Filter>
    </ClCompile>
    <ClCompile include="src\uiterrainmanager.cpp">
      <Filter>src Files</Filter>
    </ClCompile>
    <ClCompile include="src\uiburnemitter.cpp">
      <Filter>src Files</Filter>
    </ClCompile>
    <ClCompile include="src\uigameuimanager.mm">
      <Filter>src Files</Filter>
    </ClCompile>
    <ClCompile include="src\uidebugstick.cpp">
      <Filter>src Files</Filter>
    </ClCompile>
  </ItemGroup>
  <ItemGroup>
    <None include="include\uiresourcemanager.inl">
      <Filter>Header Files</Filter>
    </None>
  </ItemGroup>
  <ItemGroup>
    <Clinclude include="include\uicollisionsoundmanager.h">
      <Filter>Header Files</Filter>
    </ClInclude>
    <Clinclude include="include\uicppcontextobject.h">
      <Filter>Header Files</Filter>
    </ClInclude>
    <Clinclude include="include\uicure.h">
      <Filter>Header Files</Filter>
    </ClInclude>
    <Clinclude include="include\uigameuimanager.h">
      <Filter>Header Files</Filter>
    </ClInclude>
    <Clinclude include="include\uiiconbutton.h">
      <Filter>Header Files</Filter>
    </ClInclude>
    <Clinclude include="include\uilinegraph2d.h">
      <Filter>Header Files</Filter>
    </ClInclude>
    <Clinclude include="include\uimachine.h">
      <Filter>Header Files</Filter>
    </ClInclude>
    <Clinclude include="include\uimusicplayer.h">
      <Filter>Header Files</Filter>
    </ClInclude>
    <Clinclude include="include\uiprops.h">
      <Filter>Header Files</Filter>
    </ClInclude>
    <Clinclude include="include\uiresourcemanager.h">
      <Filter>Header Files</Filter>
    </ClInclude>
    <Clinclude include="include\uiruntimevariablename.h">
      <Filter>Header Files</Filter>
    </ClInclude>
    <Clinclude include="include\uisound.h">
      <Filter>Header Files</Filter>
    </ClInclude>
    <Clinclude include="include\uiterrainmanager.h">
      <Filter>Header Files</Filter>
    </ClInclude>
    <Clinclude include="include\uisoundreleaser.h">
      <Filter>Header Files</Filter>
    </ClInclude>
    <Clinclude include="include\uiparticleloader.h">
      <Filter>Header Files</Filter>
    </ClInclude>
    <Clinclude include="include\uidebugrenderer.h">
      <Filter>Header Files</Filter>
    </ClInclude>
    <Clinclude include="include\uiexhaustemitter.h">
      <Filter>Header Files</Filter>
    </ClInclude>
    <Clinclude include="include\uigravelemitter.h">
      <Filter>Header Files</Filter>
    </ClInclude>
    <Clinclude include="include\uijetengineemitter.h">
      <Filter>Header Files</Filter>
    </ClInclude>
    <Clinclude include="include\uipythoninterface.h">
      <Filter>Header Files</Filter>
    </ClInclude>
    <Clinclude include="include\uiburnemitter.h">
      <Filter>Header Files</Filter>
    </ClInclude>
    <Clinclude include="include\uidebugstick.h">
      <Filter>Header Files</Filter>
    </ClInclude>
  </ItemGroup>
</Project>