<?xml version="1.0" encoding="utf-8"?>
<Project ToolsVersion="4.0" xmlns="http://schemas.microsoft.com/developer/msbuild/2003">
  <ItemGroup>
    <Filter Include="Source Files">
      <UniqueIdentifier>{4FC737F1-C7A5-4376-A066-2A32D752A2FF}</UniqueIdentifier>
      <Extensions>cpp;c;cxx;def;odl;idl;hpj;bat;asm;asmx</Extensions>
    </Filter>
    <Filter Include="Header Files">
      <UniqueIdentifier>{93995380-89BD-4b04-88EB-625FBE52EBFB}</UniqueIdentifier>
      <Extensions>h;hpp;hxx;hm;inl;inc;xsd</Extensions>
    </Filter>
    <Filter Include="Game">
      <UniqueIdentifier>{e852670c-8ca0-4852-aca9-a66180fe32c7}</UniqueIdentifier>
    </Filter>
    <Filter Include="Server">
      <UniqueIdentifier>{0929a5e8-63cc-485c-b362-4d7cb1e6cd5e}</UniqueIdentifier>
    </Filter>
    <Filter Include="Master">
      <UniqueIdentifier>{929f55b1-8b51-4628-b420-9fa20835e4ed}</UniqueIdentifier>
    </Filter>
  </ItemGroup>
  <ItemGroup>
    <ClCompile Include="ClientConsoleManager.cpp">
      <Filter>Source Files</Filter>
    </ClCompile>
    <ClCompile Include="ClientOptionsManager.cpp">
      <Filter>Source Files</Filter>
    </ClCompile>
    <ClCompile Include="GameClientMasterTicker.cpp">
      <Filter>Source Files</Filter>
    </ClCompile>
    <ClCompile Include="GameClientSlaveManager.cpp">
      <Filter>Source Files</Filter>
    </ClCompile>
    <ClCompile Include="OptionsManager.cpp">
      <Filter>Source Files</Filter>
    </ClCompile>
    <ClCompile Include="UiConsole.cpp">
      <Filter>Source Files</Filter>
    </ClCompile>
    <ClCompile Include="MassObject.cpp">
      <Filter>Game</Filter>
    </ClCompile>
    <ClCompile Include="StopWatch.cpp">
      <Filter>Game</Filter>
    </ClCompile>
    <ClCompile Include="UiRaceScore.cpp">
      <Filter>Game</Filter>
    </ClCompile>
    <ClCompile Include="..\LifeServer\BulletTime.cpp">
      <Filter>Server</Filter>
    </ClCompile>
    <ClCompile Include="..\LifeServer\Client.cpp">
      <Filter>Server</Filter>
    </ClCompile>
    <ClCompile Include="..\LifeServer\GameServerManager.cpp">
      <Filter>Server</Filter>
    </ClCompile>
    <ClCompile Include="..\LifeServer\RaceTimer.cpp">
      <Filter>Server</Filter>
    </ClCompile>
    <ClCompile Include="..\LifeServer\ServerConsoleManager.cpp">
      <Filter>Server</Filter>
    </ClCompile>
    <ClCompile Include="..\LifeServer\Spawner.cpp">
      <Filter>Server</Filter>
    </ClCompile>
    <ClCompile Include="UiGameServerManager.cpp">
      <Filter>Server</Filter>
    </ClCompile>
    <ClCompile Include="UiServerConsoleManager.cpp">
      <Filter>Server</Filter>
    </ClCompile>
    <ClCompile Include="..\LifeServer\MasterServerConnection.cpp">
      <Filter>Master</Filter>
    </ClCompile>
    <ClCompile Include="..\LifeMaster\MasterServerNetworkParser.cpp">
      <Filter>Master</Filter>
    </ClCompile>
  </ItemGroup>
  <ItemGroup>
    <ClInclude Include="ClientConsoleManager.h">
      <Filter>Header Files</Filter>
    </ClInclude>
    <ClInclude Include="ClientOptions.h">
      <Filter>Header Files</Filter>
    </ClInclude>
    <ClInclude Include="ClientOptionsManager.h">
      <Filter>Header Files</Filter>
    </ClInclude>
    <ClInclude Include="GameClientMasterTicker.h">
      <Filter>Header Files</Filter>
    </ClInclude>
    <ClInclude Include="GameClientSlaveManager.h">
      <Filter>Header Files</Filter>
    </ClInclude>
    <ClInclude Include="InputObserver.h">
      <Filter>Header Files</Filter>
    </ClInclude>
    <ClInclude Include="OptionsManager.h">
      <Filter>Header Files</Filter>
    </ClInclude>
    <ClInclude Include="RtVar.h">
      <Filter>Header Files</Filter>
    </ClInclude>
    <ClInclude Include="UiConsole.h">
      <Filter>Header Files</Filter>
    </ClInclude>
    <ClInclude Include="MassObject.h">
      <Filter>Game</Filter>
    </ClInclude>
    <ClInclude Include="ScreenPart.h">
      <Filter>Game</Filter>
    </ClInclude>
    <ClInclude Include="StopWatch.h">
      <Filter>Game</Filter>
    </ClInclude>
    <ClInclude Include="UiRaceScore.h">
      <Filter>Game</Filter>
    </ClInclude>
    <ClInclude Include="..\LifeServer\BulletTime.h">
      <Filter>Server</Filter>
    </ClInclude>
    <ClInclude Include="..\LifeServer\Client.h">
      <Filter>Server</Filter>
    </ClInclude>
    <ClInclude Include="..\LifeServer\GameServerManager.h">
      <Filter>Server</Filter>
    </ClInclude>
    <ClInclude Include="..\LifeServer\RaceTimer.h">
      <Filter>Server</Filter>
    </ClInclude>
    <ClInclude Include="..\LifeServer\ServerConsoleManager.h">
      <Filter>Server</Filter>
    </ClInclude>
    <ClInclude Include="..\LifeServer\Spawner.h">
      <Filter>Server</Filter>
    </ClInclude>
    <ClInclude Include="UiGameServerManager.h">
      <Filter>Server</Filter>
    </ClInclude>
    <ClInclude Include="UiServerConsoleManager.h">
      <Filter>Server</Filter>
    </ClInclude>
    <ClInclude Include="..\LifeServer\MasterServerConnection.h">
      <Filter>Master</Filter>
    </ClInclude>
    <ClInclude Include="..\LifeMaster\MasterServerNetworkParser.h">
      <Filter>Master</Filter>
    </ClInclude>
  </ItemGroup>
</Project>