<?xml version="1.0" encoding="utf-8"?>
<Project ToolsVersion="4.0" xmlns="http://schemas.microsoft.com/developer/msbuild/2003">
  <ItemGroup>
    <Filter include="src Files">
      <UniqueIdentifier>{4FC737F1-C7A5-4376-A066-2A32D752A2FF}</UniqueIdentifier>
      <Extensions>cpp;c;cxx;def;odl;idl;hpj;bat;asm;asmx</Extensions>
    </Filter>
    <Filter include="Header Files">
      <UniqueIdentifier>{93995380-89BD-4b04-88EB-625FBE52EBFB}</UniqueIdentifier>
      <Extensions>h;hpp;hxx;hm;inl;inc;xsd</Extensions>
    </Filter>
    <Filter include="Game">
      <UniqueIdentifier>{e852670c-8ca0-4852-aca9-a66180fe32c7}</UniqueIdentifier>
    </Filter>
    <Filter include="Server">
      <UniqueIdentifier>{0929a5e8-63cc-485c-b362-4d7cb1e6cd5e}</UniqueIdentifier>
    </Filter>
    <Filter include="Master">
      <UniqueIdentifier>{929f55b1-8b51-4628-b420-9fa20835e4ed}</UniqueIdentifier>
    </Filter>
  </ItemGroup>
  <ItemGroup>
    <ClCompile include="clientconsolemanager.cpp">
      <Filter>src Files</Filter>
    </ClCompile>
    <ClCompile include="clientoptionsmanager.cpp">
      <Filter>src Files</Filter>
    </ClCompile>
    <ClCompile include="gameclientmasterticker.cpp">
      <Filter>src Files</Filter>
    </ClCompile>
    <ClCompile include="gameclientslavemanager.cpp">
      <Filter>src Files</Filter>
    </ClCompile>
    <ClCompile include="optionsmanager.cpp">
      <Filter>src Files</Filter>
    </ClCompile>
    <ClCompile include="uiconsole.cpp">
      <Filter>src Files</Filter>
    </ClCompile>
    <ClCompile include="massobject.cpp">
      <Filter>Game</Filter>
    </ClCompile>
    <ClCompile include="stopwatch.cpp">
      <Filter>Game</Filter>
    </ClCompile>
    <ClCompile include="uiracescore.cpp">
      <Filter>Game</Filter>
    </ClCompile>
    <ClCompile include="..\lifeserver\bullettime.cpp">
      <Filter>Server</Filter>
    </ClCompile>
    <ClCompile include="..\lifeserver\client.cpp">
      <Filter>Server</Filter>
    </ClCompile>
    <ClCompile include="..\lifeserver\gameservermanager.cpp">
      <Filter>Server</Filter>
    </ClCompile>
    <ClCompile include="..\lifeserver\racetimer.cpp">
      <Filter>Server</Filter>
    </ClCompile>
    <ClCompile include="..\lifeserver\serverconsolemanager.cpp">
      <Filter>Server</Filter>
    </ClCompile>
    <ClCompile include="uigameservermanager.cpp">
      <Filter>Server</Filter>
    </ClCompile>
    <ClCompile include="uiserverconsolemanager.cpp">
      <Filter>Server</Filter>
    </ClCompile>
    <ClCompile include="..\lifeserver\masterserverconnection.cpp">
      <Filter>Master</Filter>
    </ClCompile>
    <ClCompile include="..\lifemaster\masterservernetworkparser.cpp">
      <Filter>Master</Filter>
    </ClCompile>
    <ClCompile include="menu.cpp">
      <Filter>src Files</Filter>
    </ClCompile>
    <ClCompile include="explodingmachine.cpp">
      <Filter>Game</Filter>
    </ClCompile>
    <ClCompile include="fastprojectile.cpp">
      <Filter>Game</Filter>
    </ClCompile>
    <ClCompile include="homingprojectile.cpp">
      <Filter>Game</Filter>
    </ClCompile>
    <ClCompile include="level.cpp">
      <Filter>Game</Filter>
    </ClCompile>
    <ClCompile include="mine.cpp">
      <Filter>Game</Filter>
    </ClCompile>
    <ClCompile include="projectile.cpp">
      <Filter>Game</Filter>
    </ClCompile>
  </ItemGroup>
  <ItemGroup>
    <Clinclude include="clientconsolemanager.h">
      <Filter>Header Files</Filter>
    </ClInclude>
    <Clinclude include="clientoptions.h">
      <Filter>Header Files</Filter>
    </ClInclude>
    <Clinclude include="clientoptionsmanager.h">
      <Filter>Header Files</Filter>
    </ClInclude>
    <Clinclude include="gameclientmasterticker.h">
      <Filter>Header Files</Filter>
    </ClInclude>
    <Clinclude include="gameclientslavemanager.h">
      <Filter>Header Files</Filter>
    </ClInclude>
    <Clinclude include="inputobserver.h">
      <Filter>Header Files</Filter>
    </ClInclude>
    <Clinclude include="optionsmanager.h">
      <Filter>Header Files</Filter>
    </ClInclude>
    <Clinclude include="rtvar.h">
      <Filter>Header Files</Filter>
    </ClInclude>
    <Clinclude include="uiconsole.h">
      <Filter>Header Files</Filter>
    </ClInclude>
    <Clinclude include="massobject.h">
      <Filter>Game</Filter>
    </ClInclude>
    <Clinclude include="screenpart.h">
      <Filter>Game</Filter>
    </ClInclude>
    <Clinclude include="stopwatch.h">
      <Filter>Game</Filter>
    </ClInclude>
    <Clinclude include="uiracescore.h">
      <Filter>Game</Filter>
    </ClInclude>
    <Clinclude include="..\lifeserver\bullettime.h">
      <Filter>Server</Filter>
    </ClInclude>
    <Clinclude include="..\lifeserver\client.h">
      <Filter>Server</Filter>
    </ClInclude>
    <Clinclude include="..\lifeserver\gameservermanager.h">
      <Filter>Server</Filter>
    </ClInclude>
    <Clinclude include="..\lifeserver\racetimer.h">
      <Filter>Server</Filter>
    </ClInclude>
    <Clinclude include="..\lifeserver\serverconsolemanager.h">
      <Filter>Server</Filter>
    </ClInclude>
    <Clinclude include="uigameservermanager.h">
      <Filter>Server</Filter>
    </ClInclude>
    <Clinclude include="uiserverconsolemanager.h">
      <Filter>Server</Filter>
    </ClInclude>
    <Clinclude include="..\lifeserver\masterserverconnection.h">
      <Filter>Master</Filter>
    </ClInclude>
    <Clinclude include="..\lifemaster\masterservernetworkparser.h">
      <Filter>Master</Filter>
    </ClInclude>
    <Clinclude include="menu.h">
      <Filter>Header Files</Filter>
    </ClInclude>
    <Clinclude include="level.h">
      <Filter>Game</Filter>
    </ClInclude>
    <Clinclude include="explodingmachine.h">
      <Filter>Game</Filter>
    </ClInclude>
    <Clinclude include="fastprojectile.h">
      <Filter>Game</Filter>
    </ClInclude>
    <Clinclude include="homingprojectile.h">
      <Filter>Game</Filter>
    </ClInclude>
    <Clinclude include="projectile.h">
      <Filter>Game</Filter>
    </ClInclude>
    <Clinclude include="mine.h">
      <Filter>Game</Filter>
    </ClInclude>
  </ItemGroup>
</Project>