<?xml version="1.0" encoding="utf-8"?>
<Project ToolsVersion="4.0" xmlns="http://schemas.microsoft.com/developer/msbuild/2003">
  <ItemGroup>
    <Filter include="src Files">
      <UniqueIdentifier>{4FC737F1-C7A5-4376-A066-2A32D752A2FF}</UniqueIdentifier>
      <Extensions>cpp;c;cxx;def;odl;idl;hpj;bat;asm;asmx</Extensions>
    </Filter>
    <Filter include="Header Files">
      <UniqueIdentifier>{93995380-89BD-4b04-88EB-625FBE52EBFB}</UniqueIdentifier>
      <Extensions>h;hpp;hxx;hm;inl;inc;xsd</Extensions>
    </Filter>
  </ItemGroup>
  <ItemGroup>
    <ClCompile include="src\bones.cpp">
      <Filter>src Files</Filter>
    </ClCompile>
    <ClCompile include="src\chunkybonegeometry.cpp">
      <Filter>src Files</Filter>
    </ClCompile>
    <ClCompile include="src\chunkyclass.cpp">
      <Filter>src Files</Filter>
    </ClCompile>
    <ClCompile include="src\chunkyloader.cpp">
      <Filter>src Files</Filter>
    </ClCompile>
    <ClCompile include="src\chunkyphysics.cpp">
      <Filter>src Files</Filter>
    </ClCompile>
    <ClCompile include="src\geometrybase.cpp">
      <Filter>src Files</Filter>
    </ClCompile>
    <ClCompile include="src\geometryreference.cpp">
      <Filter>src Files</Filter>
    </ClCompile>
    <ClCompile include="src\model.cpp">
      <Filter>src Files</Filter>
    </ClCompile>
    <ClCompile include="src\physicsengine.cpp">
      <Filter>src Files</Filter>
    </ClCompile>
    <ClCompile include="src\physicsmanager.cpp">
      <Filter>src Files</Filter>
    </ClCompile>
    <ClCompile include="src\physicsmanagerfactory.cpp">
      <Filter>src Files</Filter>
    </ClCompile>
    <ClCompile include="src\physicsmanagerode.cpp">
      <Filter>src Files</Filter>
    </ClCompile>
    <ClCompile include="src\physicsspawner.cpp">
      <Filter>src Files</Filter>
    </ClCompile>
    <ClCompile include="src\physicstrigger.cpp">
      <Filter>src Files</Filter>
    </ClCompile>
    <ClCompile include="src\portalmanager.cpp">
      <Filter>src Files</Filter>
    </ClCompile>
    <ClCompile include="src\tbc.cpp">
      <Filter>src Files</Filter>
    </ClCompile>
    <ClCompile include="src\terrainfunction.cpp">
      <Filter>src Files</Filter>
    </ClCompile>
    <ClCompile include="src\terrainpatch.cpp">
      <Filter>src Files</Filter>
    </ClCompile>
  </ItemGroup>
  <ItemGroup>
    <Clinclude include="include\bones.h">
      <Filter>Header Files</Filter>
    </ClInclude>
    <Clinclude include="include\chunkybonegeometry.h">
      <Filter>Header Files</Filter>
    </ClInclude>
    <Clinclude include="include\chunkyclass.h">
      <Filter>Header Files</Filter>
    </ClInclude>
    <Clinclude include="include\chunkyloader.h">
      <Filter>Header Files</Filter>
    </ClInclude>
    <Clinclude include="include\chunkyphysics.h">
      <Filter>Header Files</Filter>
    </ClInclude>
    <Clinclude include="include\geometrybase.h">
      <Filter>Header Files</Filter>
    </ClInclude>
    <Clinclude include="include\geometryreference.h">
      <Filter>Header Files</Filter>
    </ClInclude>
    <Clinclude include="include\model.h">
      <Filter>Header Files</Filter>
    </ClInclude>
    <Clinclude include="include\physicsengine.h">
      <Filter>Header Files</Filter>
    </ClInclude>
    <Clinclude include="include\physicsmanager.h">
      <Filter>Header Files</Filter>
    </ClInclude>
    <Clinclude include="include\physicsmanagerfactory.h">
      <Filter>Header Files</Filter>
    </ClInclude>
    <Clinclude include="include\physicsmanagerode.h">
      <Filter>Header Files</Filter>
    </ClInclude>
    <Clinclude include="include\physicsspawner.h">
      <Filter>Header Files</Filter>
    </ClInclude>
    <Clinclude include="include\physicstrigger.h">
      <Filter>Header Files</Filter>
    </ClInclude>
    <Clinclude include="include\portalmanager.h">
      <Filter>Header Files</Filter>
    </ClInclude>
    <Clinclude include="include\tbc.h">
      <Filter>Header Files</Filter>
    </ClInclude>
    <Clinclude include="include\terrainfunction.h">
      <Filter>Header Files</Filter>
    </ClInclude>
    <Clinclude include="include\terrainpatch.h">
      <Filter>Header Files</Filter>
    </ClInclude>
  </ItemGroup>
</Project>