<?xml version="1.0" encoding="utf-8"?>
<Project ToolsVersion="4.0" xmlns="http://schemas.microsoft.com/developer/msbuild/2003">
  <ItemGroup>
    <Filter Include="Source Files">
      <UniqueIdentifier>{4FC737F1-C7A5-4376-A066-2A32D752A2FF}</UniqueIdentifier>
      <Extensions>cpp;c;cxx;def;odl;idl;hpj;bat;asm;asmx</Extensions>
    </Filter>
    <Filter Include="Header Files">
      <UniqueIdentifier>{93995380-89BD-4b04-88EB-625FBE52EBFB}</UniqueIdentifier>
      <Extensions>h;hpp;hxx;hm;inl;inc;xsd</Extensions>
    </Filter>
  </ItemGroup>
  <ItemGroup>
    <ClCompile Include="Source\Bones.cpp">
      <Filter>Source Files</Filter>
    </ClCompile>
    <ClCompile Include="Source\ChunkyBoneGeometry.cpp">
      <Filter>Source Files</Filter>
    </ClCompile>
    <ClCompile Include="Source\ChunkyClass.cpp">
      <Filter>Source Files</Filter>
    </ClCompile>
    <ClCompile Include="Source\ChunkyLoader.cpp">
      <Filter>Source Files</Filter>
    </ClCompile>
    <ClCompile Include="Source\ChunkyPhysics.cpp">
      <Filter>Source Files</Filter>
    </ClCompile>
    <ClCompile Include="Source\GeometryBase.cpp">
      <Filter>Source Files</Filter>
    </ClCompile>
    <ClCompile Include="Source\GeometryReference.cpp">
      <Filter>Source Files</Filter>
    </ClCompile>
    <ClCompile Include="Source\Model.cpp">
      <Filter>Source Files</Filter>
    </ClCompile>
    <ClCompile Include="Source\PhysicsEngine.cpp">
      <Filter>Source Files</Filter>
    </ClCompile>
    <ClCompile Include="Source\PhysicsManager.cpp">
      <Filter>Source Files</Filter>
    </ClCompile>
    <ClCompile Include="Source\PhysicsManagerFactory.cpp">
      <Filter>Source Files</Filter>
    </ClCompile>
    <ClCompile Include="Source\PhysicsManagerODE.cpp">
      <Filter>Source Files</Filter>
    </ClCompile>
    <ClCompile Include="Source\PhysicsSpawner.cpp">
      <Filter>Source Files</Filter>
    </ClCompile>
    <ClCompile Include="Source\PhysicsTrigger.cpp">
      <Filter>Source Files</Filter>
    </ClCompile>
    <ClCompile Include="Source\PortalManager.cpp">
      <Filter>Source Files</Filter>
    </ClCompile>
    <ClCompile Include="Source\Tbc.cpp">
      <Filter>Source Files</Filter>
    </ClCompile>
    <ClCompile Include="Source\TerrainFunction.cpp">
      <Filter>Source Files</Filter>
    </ClCompile>
    <ClCompile Include="Source\TerrainPatch.cpp">
      <Filter>Source Files</Filter>
    </ClCompile>
  </ItemGroup>
  <ItemGroup>
    <ClInclude Include="Include\Bones.h">
      <Filter>Header Files</Filter>
    </ClInclude>
    <ClInclude Include="Include\ChunkyBoneGeometry.h">
      <Filter>Header Files</Filter>
    </ClInclude>
    <ClInclude Include="Include\ChunkyClass.h">
      <Filter>Header Files</Filter>
    </ClInclude>
    <ClInclude Include="Include\ChunkyLoader.h">
      <Filter>Header Files</Filter>
    </ClInclude>
    <ClInclude Include="Include\ChunkyPhysics.h">
      <Filter>Header Files</Filter>
    </ClInclude>
    <ClInclude Include="Include\GeometryBase.h">
      <Filter>Header Files</Filter>
    </ClInclude>
    <ClInclude Include="Include\GeometryReference.h">
      <Filter>Header Files</Filter>
    </ClInclude>
    <ClInclude Include="Include\Model.h">
      <Filter>Header Files</Filter>
    </ClInclude>
    <ClInclude Include="Include\PhysicsEngine.h">
      <Filter>Header Files</Filter>
    </ClInclude>
    <ClInclude Include="Include\PhysicsManager.h">
      <Filter>Header Files</Filter>
    </ClInclude>
    <ClInclude Include="Include\PhysicsManagerFactory.h">
      <Filter>Header Files</Filter>
    </ClInclude>
    <ClInclude Include="Include\PhysicsManagerODE.h">
      <Filter>Header Files</Filter>
    </ClInclude>
    <ClInclude Include="Include\PhysicsSpawner.h">
      <Filter>Header Files</Filter>
    </ClInclude>
    <ClInclude Include="Include\PhysicsTrigger.h">
      <Filter>Header Files</Filter>
    </ClInclude>
    <ClInclude Include="Include\PortalManager.h">
      <Filter>Header Files</Filter>
    </ClInclude>
    <ClInclude Include="Include\Tbc.h">
      <Filter>Header Files</Filter>
    </ClInclude>
    <ClInclude Include="Include\TerrainFunction.h">
      <Filter>Header Files</Filter>
    </ClInclude>
    <ClInclude Include="Include\TerrainPatch.h">
      <Filter>Header Files</Filter>
    </ClInclude>
  </ItemGroup>
</Project>