Microsoft Visual Studio Solution File, Format Version 8.00
Project("{8BC9CEB8-8B4A-11D0-8D11-00A0C91BC942}") = "Lepra710", "..\Lepra\Lepra710.vcproj", "{E7DDA722-45E3-45C9-B051-E99288ACCDD2}"
	ProjectSection(ProjectDependencies) = postProject
	EndProjectSection
EndProject
Project("{8BC9CEB8-8B4A-11D0-8D11-00A0C91BC942}") = "Tbc710", "Tbc710.vcproj", "{BDBF3606-E371-454B-B162-27FD92B67D50}"
	ProjectSection(ProjectDependencies) = postProject
	EndProjectSection
EndProject
Project("{8BC9CEB8-8B4A-11D0-8D11-00A0C91BC942}") = "TbcTestApp710", "TbcTestApp\TbcTestApp710.vcproj", "{2C46C2E1-41EF-49C2-9C3C-0C69B8CFCD89}"
	ProjectSection(ProjectDependencies) = postProject
		{BDBF3606-E371-454B-B162-27FD92B67D50} = {BDBF3606-E371-454B-B162-27FD92B67D50}
		{E7DDA722-45E3-45C9-B051-E99288ACCDD2} = {E7DDA722-45E3-45C9-B051-E99288ACCDD2}
		{00F89E9D-7870-4921-9022-9AD4951BC223} = {00F89E9D-7870-4921-9022-9AD4951BC223}
	EndProjectSection
EndProject
Project("{8BC9CEB8-8B4A-11D0-8D11-00A0C91BC942}") = "ThirdPartyLib", "..\ThirdParty\ThirdPartyLib_710.vcproj", "{00F89E9D-7870-4921-9022-9AD4951BC223}"
	ProjectSection(ProjectDependencies) = postProject
	EndProjectSection
EndProject
Global
	GlobalSection(SolutionConfiguration) = preSolution
		Debug = Debug
		Final = Final
		Release = Release
		Release Candidate = Release Candidate
		Unicode Debug = Unicode Debug
		Unicode Final = Unicode Final
		Unicode Release Candidate = Unicode Release Candidate
	EndGlobalSection
	GlobalSection(ProjectConfiguration) = postSolution
		{E7DDA722-45E3-45C9-B051-E99288ACCDD2}.Debug.ActiveCfg = Debug|Win32
		{E7DDA722-45E3-45C9-B051-E99288ACCDD2}.Debug.Build.0 = Debug|Win32
		{E7DDA722-45E3-45C9-B051-E99288ACCDD2}.Final.ActiveCfg = Final|Win32
		{E7DDA722-45E3-45C9-B051-E99288ACCDD2}.Final.Build.0 = Final|Win32
		{E7DDA722-45E3-45C9-B051-E99288ACCDD2}.Release.ActiveCfg = Unicode Release Candidate|Win32
		{E7DDA722-45E3-45C9-B051-E99288ACCDD2}.Release.Build.0 = Unicode Release Candidate|Win32
		{E7DDA722-45E3-45C9-B051-E99288ACCDD2}.Release Candidate.ActiveCfg = Release Candidate|Win32
		{E7DDA722-45E3-45C9-B051-E99288ACCDD2}.Release Candidate.Build.0 = Release Candidate|Win32
		{E7DDA722-45E3-45C9-B051-E99288ACCDD2}.Unicode Debug.ActiveCfg = Unicode Debug|Win32
		{E7DDA722-45E3-45C9-B051-E99288ACCDD2}.Unicode Debug.Build.0 = Unicode Debug|Win32
		{E7DDA722-45E3-45C9-B051-E99288ACCDD2}.Unicode Final.ActiveCfg = Unicode Final|Win32
		{E7DDA722-45E3-45C9-B051-E99288ACCDD2}.Unicode Final.Build.0 = Unicode Final|Win32
		{E7DDA722-45E3-45C9-B051-E99288ACCDD2}.Unicode Release Candidate.ActiveCfg = Unicode Release Candidate|Win32
		{E7DDA722-45E3-45C9-B051-E99288ACCDD2}.Unicode Release Candidate.Build.0 = Unicode Release Candidate|Win32
		{BDBF3606-E371-454B-B162-27FD92B67D50}.Debug.ActiveCfg = Debug|Win32
		{BDBF3606-E371-454B-B162-27FD92B67D50}.Debug.Build.0 = Debug|Win32
		{BDBF3606-E371-454B-B162-27FD92B67D50}.Final.ActiveCfg = Final|Win32
		{BDBF3606-E371-454B-B162-27FD92B67D50}.Final.Build.0 = Final|Win32
		{BDBF3606-E371-454B-B162-27FD92B67D50}.Release.ActiveCfg = Unicode Release Candidate|Win32
		{BDBF3606-E371-454B-B162-27FD92B67D50}.Release.Build.0 = Unicode Release Candidate|Win32
		{BDBF3606-E371-454B-B162-27FD92B67D50}.Release Candidate.ActiveCfg = Release Candidate|Win32
		{BDBF3606-E371-454B-B162-27FD92B67D50}.Release Candidate.Build.0 = Release Candidate|Win32
		{BDBF3606-E371-454B-B162-27FD92B67D50}.Unicode Debug.ActiveCfg = Unicode Debug|Win32
		{BDBF3606-E371-454B-B162-27FD92B67D50}.Unicode Debug.Build.0 = Unicode Debug|Win32
		{BDBF3606-E371-454B-B162-27FD92B67D50}.Unicode Final.ActiveCfg = Unicode Final|Win32
		{BDBF3606-E371-454B-B162-27FD92B67D50}.Unicode Final.Build.0 = Unicode Final|Win32
		{BDBF3606-E371-454B-B162-27FD92B67D50}.Unicode Release Candidate.ActiveCfg = Unicode Release Candidate|Win32
		{BDBF3606-E371-454B-B162-27FD92B67D50}.Unicode Release Candidate.Build.0 = Unicode Release Candidate|Win32
		{2C46C2E1-41EF-49C2-9C3C-0C69B8CFCD89}.Debug.ActiveCfg = Debug|Win32
		{2C46C2E1-41EF-49C2-9C3C-0C69B8CFCD89}.Debug.Build.0 = Debug|Win32
		{2C46C2E1-41EF-49C2-9C3C-0C69B8CFCD89}.Final.ActiveCfg = Final|Win32
		{2C46C2E1-41EF-49C2-9C3C-0C69B8CFCD89}.Final.Build.0 = Final|Win32
		{2C46C2E1-41EF-49C2-9C3C-0C69B8CFCD89}.Release.ActiveCfg = Unicode Release Candidate|Win32
		{2C46C2E1-41EF-49C2-9C3C-0C69B8CFCD89}.Release.Build.0 = Unicode Release Candidate|Win32
		{2C46C2E1-41EF-49C2-9C3C-0C69B8CFCD89}.Release Candidate.ActiveCfg = Release Candidate|Win32
		{2C46C2E1-41EF-49C2-9C3C-0C69B8CFCD89}.Release Candidate.Build.0 = Release Candidate|Win32
		{2C46C2E1-41EF-49C2-9C3C-0C69B8CFCD89}.Unicode Debug.ActiveCfg = Unicode Debug|Win32
		{2C46C2E1-41EF-49C2-9C3C-0C69B8CFCD89}.Unicode Debug.Build.0 = Unicode Debug|Win32
		{2C46C2E1-41EF-49C2-9C3C-0C69B8CFCD89}.Unicode Final.ActiveCfg = Unicode Final|Win32
		{2C46C2E1-41EF-49C2-9C3C-0C69B8CFCD89}.Unicode Final.Build.0 = Unicode Final|Win32
		{2C46C2E1-41EF-49C2-9C3C-0C69B8CFCD89}.Unicode Release Candidate.ActiveCfg = Unicode Release Candidate|Win32
		{2C46C2E1-41EF-49C2-9C3C-0C69B8CFCD89}.Unicode Release Candidate.Build.0 = Unicode Release Candidate|Win32
		{00F89E9D-7870-4921-9022-9AD4951BC223}.Debug.ActiveCfg = Debug|Win32
		{00F89E9D-7870-4921-9022-9AD4951BC223}.Debug.Build.0 = Debug|Win32
		{00F89E9D-7870-4921-9022-9AD4951BC223}.Final.ActiveCfg = Release|Win32
		{00F89E9D-7870-4921-9022-9AD4951BC223}.Final.Build.0 = Release|Win32
		{00F89E9D-7870-4921-9022-9AD4951BC223}.Release.ActiveCfg = Release|Win32
		{00F89E9D-7870-4921-9022-9AD4951BC223}.Release.Build.0 = Release|Win32
		{00F89E9D-7870-4921-9022-9AD4951BC223}.Release Candidate.ActiveCfg = Release|Win32
		{00F89E9D-7870-4921-9022-9AD4951BC223}.Release Candidate.Build.0 = Release|Win32
		{00F89E9D-7870-4921-9022-9AD4951BC223}.Unicode Debug.ActiveCfg = Debug|Win32
		{00F89E9D-7870-4921-9022-9AD4951BC223}.Unicode Debug.Build.0 = Debug|Win32
		{00F89E9D-7870-4921-9022-9AD4951BC223}.Unicode Final.ActiveCfg = Release|Win32
		{00F89E9D-7870-4921-9022-9AD4951BC223}.Unicode Final.Build.0 = Release|Win32
		{00F89E9D-7870-4921-9022-9AD4951BC223}.Unicode Release Candidate.ActiveCfg = Release|Win32
		{00F89E9D-7870-4921-9022-9AD4951BC223}.Unicode Release Candidate.Build.0 = Release|Win32
	EndGlobalSection
	GlobalSection(ExtensibilityGlobals) = postSolution
	EndGlobalSection
	GlobalSection(ExtensibilityAddIns) = postSolution
	EndGlobalSection
	GlobalSection(SolutionConfigurationPlatforms) = preSolution
		Debug|Win32 = Debug|Win32
		Release|Win32 = Release|Win32
	EndGlobalSection
	GlobalSection(ProjectConfigurationPlatforms) = postSolution
		{E7DDA722-45E3-45C9-B051-E99288ACCDD2}.Debug|Win32.ActiveCfg = Debug|Win32
		{E7DDA722-45E3-45C9-B051-E99288ACCDD2}.Debug|Win32.Build.0 = Debug|Win32
		{E7DDA722-45E3-45C9-B051-E99288ACCDD2}.Release|Win32.ActiveCfg = Release|Win32
		{E7DDA722-45E3-45C9-B051-E99288ACCDD2}.Release|Win32.Build.0 = Release|Win32
		{26194881-5CAB-45DE-807E-E1B35A4B7960}.Debug|Win32.ActiveCfg = Debug|Win32
		{26194881-5CAB-45DE-807E-E1B35A4B7960}.Debug|Win32.Build.0 = Debug|Win32
		{26194881-5CAB-45DE-807E-E1B35A4B7960}.Release|Win32.ActiveCfg = Release|Win32
		{BDBF3606-E371-454B-B162-27FD92B67D50}.Debug|Win32.ActiveCfg = Debug|Win32
		{BDBF3606-E371-454B-B162-27FD92B67D50}.Debug|Win32.Build.0 = Debug|Win32
		{BDBF3606-E371-454B-B162-27FD92B67D50}.Release|Win32.ActiveCfg = Release|Win32
		{BDBF3606-E371-454B-B162-27FD92B67D50}.Release|Win32.Build.0 = Release|Win32
		{2C46C2E1-41EF-49C2-9C3C-0C69B8CFCD89}.Debug|Win32.ActiveCfg = Debug|Win32
		{2C46C2E1-41EF-49C2-9C3C-0C69B8CFCD89}.Debug|Win32.Build.0 = Debug|Win32
		{2C46C2E1-41EF-49C2-9C3C-0C69B8CFCD89}.Release|Win32.ActiveCfg = Release|Win32
		{2C46C2E1-41EF-49C2-9C3C-0C69B8CFCD89}.Release|Win32.Build.0 = Release|Win32
	EndGlobalSection
	GlobalSection(SolutionProperties) = preSolution
		HideSolutionNode = FALSE
	EndGlobalSection
EndGlobal
