<?xml version="1.0" encoding="utf-8"?>
<Project ToolsVersion="4.0" xmlns="http://schemas.microsoft.com/developer/msbuild/2003">
  <ItemGroup>
    <Filter Include="Source Files">
      <UniqueIdentifier>{4FC737F1-C7A5-4376-A066-2A32D752A2FF}</UniqueIdentifier>
      <Extensions>cpp;c;cxx;def;odl;idl;hpj;bat;asm;asmx</Extensions>
    </Filter>
    <Filter Include="Header Files">
      <UniqueIdentifier>{93995380-89BD-4b04-88EB-625FBE52EBFB}</UniqueIdentifier>
      <Extensions>h;hpp;hxx;hm;inl;inc;xsd</Extensions>
    </Filter>
    <Filter Include="Master">
      <UniqueIdentifier>{fc8253ac-22cd-46cc-8b67-0b0158f8fcb1}</UniqueIdentifier>
    </Filter>
  </ItemGroup>
  <ItemGroup>
    <ClCompile Include="BulletTime.cpp">
      <Filter>Source Files</Filter>
    </ClCompile>
    <ClCompile Include="Client.cpp">
      <Filter>Source Files</Filter>
    </ClCompile>
    <ClCompile Include="GameServerManager.cpp">
      <Filter>Source Files</Filter>
    </ClCompile>
    <ClCompile Include="GameServerTicker.cpp">
      <Filter>Source Files</Filter>
    </ClCompile>
    <ClCompile Include="MasterServerConnection.cpp">
      <Filter>Source Files</Filter>
    </ClCompile>
    <ClCompile Include="RaceTimer.cpp">
      <Filter>Source Files</Filter>
    </ClCompile>
    <ClCompile Include="ServerApplication.cpp">
      <Filter>Source Files</Filter>
    </ClCompile>
    <ClCompile Include="ServerConsoleManager.cpp">
      <Filter>Source Files</Filter>
    </ClCompile>
    <ClCompile Include="Spawner.cpp">
      <Filter>Source Files</Filter>
    </ClCompile>
    <ClCompile Include="..\LifeMaster\MasterServerNetworkParser.cpp">
      <Filter>Master</Filter>
    </ClCompile>
  </ItemGroup>
  <ItemGroup>
    <ClInclude Include="BulletTime.h">
      <Filter>Header Files</Filter>
    </ClInclude>
    <ClInclude Include="Client.h">
      <Filter>Header Files</Filter>
    </ClInclude>
    <ClInclude Include="GameServerManager.h">
      <Filter>Header Files</Filter>
    </ClInclude>
    <ClInclude Include="GameServerTicker.h">
      <Filter>Header Files</Filter>
    </ClInclude>
    <ClInclude Include="MasterServerConnection.h">
      <Filter>Header Files</Filter>
    </ClInclude>
    <ClInclude Include="RaceTimer.h">
      <Filter>Header Files</Filter>
    </ClInclude>
    <ClInclude Include="RtVar.h">
      <Filter>Header Files</Filter>
    </ClInclude>
    <ClInclude Include="ServerConsoleManager.h">
      <Filter>Header Files</Filter>
    </ClInclude>
    <ClInclude Include="Spawner.h">
      <Filter>Header Files</Filter>
    </ClInclude>
    <ClInclude Include="..\LifeMaster\MasterServer.h">
      <Filter>Master</Filter>
    </ClInclude>
    <ClInclude Include="..\LifeMaster\MasterServerNetworkParser.h">
      <Filter>Master</Filter>
    </ClInclude>
  </ItemGroup>
</Project>