<?xml version="1.0" encoding="utf-8"?>
<Project ToolsVersion="4.0" xmlns="http://schemas.microsoft.com/developer/msbuild/2003">
  <ItemGroup>
    <Filter Include="Source Files">
      <UniqueIdentifier>{4FC737F1-C7A5-4376-A066-2A32D752A2FF}</UniqueIdentifier>
      <Extensions>cpp;c;cxx;def;odl;idl;hpj;bat;asm;asmx</Extensions>
    </Filter>
    <Filter Include="Source Files\Client">
      <UniqueIdentifier>{bdebfdc7-3214-4bf8-8327-4b4cdde506c2}</UniqueIdentifier>
    </Filter>
    <Filter Include="Source Files\Server">
      <UniqueIdentifier>{592efae6-1183-4244-9def-6c2be397445a}</UniqueIdentifier>
    </Filter>
    <Filter Include="Header Files">
      <UniqueIdentifier>{93995380-89BD-4b04-88EB-625FBE52EBFB}</UniqueIdentifier>
      <Extensions>h;hpp;hxx;hm;inl;inc;xsd</Extensions>
    </Filter>
    <Filter Include="Header Files\Client">
      <UniqueIdentifier>{d6b1006d-e904-4e2f-bb2b-2f43eeabe82d}</UniqueIdentifier>
    </Filter>
    <Filter Include="Header Files\Server">
      <UniqueIdentifier>{dc595848-09d4-4f0e-a146-04508bee1303}</UniqueIdentifier>
    </Filter>
  </ItemGroup>
  <ItemGroup>
    <ClCompile Include="Source\ConsoleManager.cpp">
      <Filter>Source Files</Filter>
    </ClCompile>
    <ClCompile Include="Source\ContextManager.cpp">
      <Filter>Source Files</Filter>
    </ClCompile>
    <ClCompile Include="Source\ContextObject.cpp">
      <Filter>Source Files</Filter>
    </ClCompile>
    <ClCompile Include="Source\ContextObjectAttribute.cpp">
      <Filter>Source Files</Filter>
    </ClCompile>
    <ClCompile Include="Source\ContextPath.cpp">
      <Filter>Source Files</Filter>
    </ClCompile>
    <ClCompile Include="Source\CppContextObject.cpp">
      <Filter>Source Files</Filter>
    </ClCompile>
    <ClCompile Include="Source\Cure.cpp">
      <Filter>Source Files</Filter>
    </ClCompile>
    <ClCompile Include="Source\FloatAttribute.cpp">
      <Filter>Source Files</Filter>
    </ClCompile>
    <ClCompile Include="Source\GameManager.cpp">
      <Filter>Source Files</Filter>
    </ClCompile>
    <ClCompile Include="Source\NetworkAgent.cpp">
      <Filter>Source Files</Filter>
    </ClCompile>
    <ClCompile Include="Source\NetworkFreeAgent.cpp">
      <Filter>Source Files</Filter>
    </ClCompile>
    <ClCompile Include="Source\Packet.cpp">
      <Filter>Source Files</Filter>
    </ClCompile>
    <ClCompile Include="Source\PositionalData.cpp">
      <Filter>Source Files</Filter>
    </ClCompile>
    <ClCompile Include="Source\ResourceManager.cpp">
      <Filter>Source Files</Filter>
    </ClCompile>
    <ClCompile Include="Source\RuntimeVariable.cpp">
      <Filter>Source Files</Filter>
    </ClCompile>
    <ClCompile Include="Source\TerrainFunctionManager.cpp">
      <Filter>Source Files</Filter>
    </ClCompile>
    <ClCompile Include="Source\TerrainManager.cpp">
      <Filter>Source Files</Filter>
    </ClCompile>
    <ClCompile Include="Source\TerrainPatchLoader.cpp">
      <Filter>Source Files</Filter>
    </ClCompile>
    <ClCompile Include="Source\TerrainPatchManager.cpp">
      <Filter>Source Files</Filter>
    </ClCompile>
    <ClCompile Include="Source\TimeManager.cpp">
      <Filter>Source Files</Filter>
    </ClCompile>
    <ClCompile Include="Source\NetworkClient.cpp">
      <Filter>Source Files\Client</Filter>
    </ClCompile>
    <ClCompile Include="Source\NetworkServer.cpp">
      <Filter>Source Files\Server</Filter>
    </ClCompile>
    <ClCompile Include="Source\UserAccount.cpp">
      <Filter>Source Files\Server</Filter>
    </ClCompile>
    <ClCompile Include="Source\UserAccountManager.cpp">
      <Filter>Source Files\Server</Filter>
    </ClCompile>
    <ClCompile Include="Source\UserConnection.cpp">
      <Filter>Source Files\Server</Filter>
    </ClCompile>
    <ClCompile Include="Source\HiscoreAgent.cpp">
      <Filter>Source Files</Filter>
    </ClCompile>
    <ClCompile Include="Source\Elevator.cpp">
      <Filter>Source Files\Server</Filter>
    </ClCompile>
    <ClCompile Include="Source\PhysicsSharedResource.cpp">
      <Filter>Source Files</Filter>
    </ClCompile>
    <ClCompile Include="Source\GameTicker.cpp">
      <Filter>Source Files</Filter>
    </ClCompile>
    <ClCompile Include="Source\PositionHauler.cpp">
      <Filter>Source Files</Filter>
    </ClCompile>
    <ClCompile Include="Source\IntAttribute.cpp">
      <Filter>Source Files</Filter>
    </ClCompile>
    <ClCompile Include="Source\PythonInterface.cpp">
      <Filter>Source Files</Filter>
    </ClCompile>
    <ClCompile Include="Source\Spawner.cpp">
      <Filter>Source Files</Filter>
    </ClCompile>
  </ItemGroup>
  <ItemGroup>
    <ClInclude Include="Include\ConsoleManager.h">
      <Filter>Header Files</Filter>
    </ClInclude>
    <ClInclude Include="Include\ContextManager.h">
      <Filter>Header Files</Filter>
    </ClInclude>
    <ClInclude Include="Include\ContextObject.h">
      <Filter>Header Files</Filter>
    </ClInclude>
    <ClInclude Include="Include\ContextObjectAttribute.h">
      <Filter>Header Files</Filter>
    </ClInclude>
    <ClInclude Include="Include\ContextPath.h">
      <Filter>Header Files</Filter>
    </ClInclude>
    <ClInclude Include="Include\CppContextObject.h">
      <Filter>Header Files</Filter>
    </ClInclude>
    <ClInclude Include="Include\Cure.h">
      <Filter>Header Files</Filter>
    </ClInclude>
    <ClInclude Include="Include\FloatAttribute.h">
      <Filter>Header Files</Filter>
    </ClInclude>
    <ClInclude Include="Include\GameManager.h">
      <Filter>Header Files</Filter>
    </ClInclude>
    <ClInclude Include="Include\NetworkAgent.h">
      <Filter>Header Files</Filter>
    </ClInclude>
    <ClInclude Include="Include\NetworkFreeAgent.h">
      <Filter>Header Files</Filter>
    </ClInclude>
    <ClInclude Include="Include\Packet.h">
      <Filter>Header Files</Filter>
    </ClInclude>
    <ClInclude Include="Include\PositionalData.h">
      <Filter>Header Files</Filter>
    </ClInclude>
    <ClInclude Include="Include\RemoteStatus.h">
      <Filter>Header Files</Filter>
    </ClInclude>
    <ClInclude Include="Include\ResourceManager.h">
      <Filter>Header Files</Filter>
    </ClInclude>
    <ClInclude Include="Include\RuntimeVariable.h">
      <Filter>Header Files</Filter>
    </ClInclude>
    <ClInclude Include="Include\RuntimeVariableName.h">
      <Filter>Header Files</Filter>
    </ClInclude>
    <ClInclude Include="Include\TerrainFunctionManager.h">
      <Filter>Header Files</Filter>
    </ClInclude>
    <ClInclude Include="Include\TerrainManager.h">
      <Filter>Header Files</Filter>
    </ClInclude>
    <ClInclude Include="Include\TerrainPatchLoader.h">
      <Filter>Header Files</Filter>
    </ClInclude>
    <ClInclude Include="Include\TerrainPatchManager.h">
      <Filter>Header Files</Filter>
    </ClInclude>
    <ClInclude Include="Include\TimeManager.h">
      <Filter>Header Files</Filter>
    </ClInclude>
    <ClInclude Include="Include\NetworkClient.h">
      <Filter>Header Files\Client</Filter>
    </ClInclude>
    <ClInclude Include="Include\NetworkServer.h">
      <Filter>Header Files\Server</Filter>
    </ClInclude>
    <ClInclude Include="Include\SocketIoHandler.h">
      <Filter>Header Files\Server</Filter>
    </ClInclude>
    <ClInclude Include="Include\UserAccount.h">
      <Filter>Header Files\Server</Filter>
    </ClInclude>
    <ClInclude Include="Include\UserAccountManager.h">
      <Filter>Header Files\Server</Filter>
    </ClInclude>
    <ClInclude Include="Include\UserConnection.h">
      <Filter>Header Files\Server</Filter>
    </ClInclude>
    <ClInclude Include="Include\HiscoreAgent.h">
      <Filter>Header Files</Filter>
    </ClInclude>
    <ClInclude Include="Include\Elevator.h">
      <Filter>Header Files\Server</Filter>
    </ClInclude>
    <ClInclude Include="Include\IntAttribute.h">
      <Filter>Header Files</Filter>
    </ClInclude>
    <ClInclude Include="Include\ContextForceListener.h">
      <Filter>Header Files</Filter>
    </ClInclude>
    <ClInclude Include="Include\GameTicker.h">
      <Filter>Header Files</Filter>
    </ClInclude>
    <ClInclude Include="Include\PhysicsSharedResource.h">
      <Filter>Header Files</Filter>
    </ClInclude>
    <ClInclude Include="Include\PositionHauler.h">
      <Filter>Header Files</Filter>
    </ClInclude>
    <ClInclude Include="Include\Spawner.h">
      <Filter>Header Files</Filter>
    </ClInclude>
  </ItemGroup>
  <ItemGroup>
    <None Include="Include\ResourceManager.inl">
      <Filter>Header Files</Filter>
    </None>
  </ItemGroup>
</Project>