<?xml version="1.0" encoding="utf-8"?>
<Project ToolsVersion="4.0" xmlns="http://schemas.microsoft.com/developer/msbuild/2003">
  <ItemGroup>
    <Filter include="src Files">
      <UniqueIdentifier>{74FFE958-57D9-11E4-A545-BCEE7B8C67B1}</UniqueIdentifier>
      <Extensions>cpp;c;cxx;def;odl;idl;hpj;bat;asm;asmx</Extensions>
    </Filter>
    <Filter include="Header Files">
      <UniqueIdentifier>{75001068-57D9-11E4-9058-BCEE7B8C67B1}</UniqueIdentifier>
      <Extensions>h;hpp;hxx;hm;inl;inc;xsd</Extensions>
    </Filter>
  </ItemGroup>
  <ItemGroup>
    <ClCompile include="impuzzable.cxx">
      <Filter>src Files</Filter>
    </ClCompile>
    <ClCompile include="impuzzableconsolemanager.cpp">
      <Filter>src Files</Filter>
    </ClCompile>
    <ClCompile include="impuzzablemanager.cpp">
      <Filter>src Files</Filter>
    </ClCompile>
    <ClCompile include="impuzzableticker.cpp">
      <Filter>src Files</Filter>
    </ClCompile>
    <ClCompile include="sunlight.cpp">
      <Filter>src Files</Filter>
    </ClCompile>
    <ClCompile include="level.cpp">
      <Filter>src Files</Filter>
    </ClCompile>
    <ClCompile include="impuzzable.mm">
      <Filter>src Files</Filter>
    </ClCompile>
    <ClCompile include="piece.cpp">
      <Filter>src Files</Filter>
    </ClCompile>
    <ClCompile include="pieceinfo.cpp">
      <Filter>src Files</Filter>
    </ClCompile>
    <ClCompile include="asciiloader.cpp">
      <Filter>src Files</Filter>
    </ClCompile>
  </ItemGroup>
  <ItemGroup>
    <Clinclude include="impuzzable.h">
      <Filter>Header Files</Filter>
    </ClInclude>
    <Clinclude include="impuzzableconsolemanager.h">
      <Filter>Header Files</Filter>
    </ClInclude>
    <Clinclude include="impuzzablemanager.h">
      <Filter>Header Files</Filter>
    </ClInclude>
    <Clinclude include="impuzzableticker.h">
      <Filter>Header Files</Filter>
    </ClInclude>
    <Clinclude include="rtvar.h">
      <Filter>Header Files</Filter>
    </ClInclude>
    <Clinclude include="sunlight.h">
      <Filter>Header Files</Filter>
    </ClInclude>
    <Clinclude include="version.h">
      <Filter>Header Files</Filter>
    </ClInclude>
    <Clinclude include="level.h">
      <Filter>Header Files</Filter>
    </ClInclude>
    <Clinclude include="piece.h">
      <Filter>Header Files</Filter>
    </ClInclude>
    <Clinclude include="grid.h">
      <Filter>Header Files</Filter>
    </ClInclude>
    <Clinclude include="pieceinfo.h">
      <Filter>Header Files</Filter>
    </ClInclude>
    <Clinclude include="asciiloader.h">
      <Filter>Header Files</Filter>
    </ClInclude>
  </ItemGroup>
  <ItemGroup>
    <ResourceCompile include="impuzzable.rc" />
  </ItemGroup>
</Project>