<?xml version="1.0" encoding="utf-8"?>
<Project ToolsVersion="4.0" xmlns="http://schemas.microsoft.com/developer/msbuild/2003">
  <ItemGroup>
    <Filter include="src Files">
      <UniqueIdentifier>{C734F7F1-C7A5-4376-A066-2A32FFD752A2}</UniqueIdentifier>
      <Extensions>cpp;c;cxx;def;odl;idl;hpj;bat;asm;asmx</Extensions>
    </Filter>
    <Filter include="Header Files">
      <UniqueIdentifier>{93959380-89BD-4b04-88EB-625FBEBFB52E}</UniqueIdentifier>
      <Extensions>h;hpp;hxx;hm;inl;inc;xsd</Extensions>
    </Filter>
  </ItemGroup>
  <ItemGroup>
    <ClCompile include="app.cxx">
      <Filter>src Files</Filter>
    </ClCompile>
    <ClCompile include="ctf.cpp">
      <Filter>src Files</Filter>
    </ClCompile>
    <ClCompile include="cutie.cpp">
      <Filter>src Files</Filter>
    </ClCompile>
    <ClCompile include="game.cpp">
      <Filter>src Files</Filter>
    </ClCompile>
    <ClCompile include="grenade.cpp">
      <Filter>src Files</Filter>
    </ClCompile>
    <ClCompile include="launcher.cpp">
      <Filter>src Files</Filter>
    </ClCompile>
    <ClCompile include="launcherai.cpp">
      <Filter>src Files</Filter>
    </ClCompile>
    <ClCompile include="level.cpp">
      <Filter>src Files</Filter>
    </ClCompile>
    <ClCompile include="spawner.cpp">
      <Filter>src Files</Filter>
    </ClCompile>
    <ClCompile include="vehicleai.cpp">
      <Filter>src Files</Filter>
    </ClCompile>
    <ClCompile include="seethrough.cpp">
      <Filter>src Files</Filter>
    </ClCompile>
    <ClCompile include="roboball.cpp">
      <Filter>src Files</Filter>
    </ClCompile>
    <ClCompile include="cutieelevator.cpp">
      <Filter>src Files</Filter>
    </ClCompile>
    <ClCompile include="app.mm">
      <Filter>src Files</Filter>
    </ClCompile>
  </ItemGroup>
  <ItemGroup>
    <None include="icons\grenaderun.ico">
      <Filter>src Files</Filter>
    </None>
  </ItemGroup>
  <ItemGroup>
    <ResourceCompile include="grenaderun.rc">
      <Filter>src Files</Filter>
    </ResourceCompile>
  </ItemGroup>
  <ItemGroup>
    <Clinclude include="ctf.h">
      <Filter>Header Files</Filter>
    </ClInclude>
    <Clinclude include="cutie.h">
      <Filter>Header Files</Filter>
    </ClInclude>
    <Clinclude include="game.h">
      <Filter>Header Files</Filter>
    </ClInclude>
    <Clinclude include="grenade.h">
      <Filter>Header Files</Filter>
    </ClInclude>
    <Clinclude include="launcher.h">
      <Filter>Header Files</Filter>
    </ClInclude>
    <Clinclude include="launcherai.h">
      <Filter>Header Files</Filter>
    </ClInclude>
    <Clinclude include="level.h">
      <Filter>Header Files</Filter>
    </ClInclude>
    <Clinclude include="spawner.h">
      <Filter>Header Files</Filter>
    </ClInclude>
    <Clinclude include="vehicleai.h">
      <Filter>Header Files</Filter>
    </ClInclude>
    <Clinclude include="seethrough.h">
      <Filter>Header Files</Filter>
    </ClInclude>
    <Clinclude include="roboball.h">
      <Filter>Header Files</Filter>
    </ClInclude>
    <Clinclude include="cutieelevator.h">
      <Filter>Header Files</Filter>
    </ClInclude>
  </ItemGroup>
</Project>