<?xml version="1.0" encoding="utf-8"?>
<Project ToolsVersion="4.0" xmlns="http://schemas.microsoft.com/developer/msbuild/2003">
  <ItemGroup>
    <Filter include="src Files">
      <UniqueIdentifier>{60493D28-2E04-11E3-A1BD-0019213B7B87}</UniqueIdentifier>
      <Extensions>cpp;c;cxx;def;odl;idl;hpj;bat;asm;asmx</Extensions>
    </Filter>
    <Filter include="Header Files">
      <UniqueIdentifier>{60493D29-2E04-11E3-A6C3-0019213B7B87}</UniqueIdentifier>
      <Extensions>h;hpp;hxx;hm;inl;inc;xsd</Extensions>
    </Filter>
  </ItemGroup>
  <ItemGroup>
    <ClCompile include="autopilot.cpp">
      <Filter>src Files</Filter>
    </ClCompile>
    <ClCompile include="centeredmachine.cpp">
      <Filter>src Files</Filter>
    </ClCompile>
    <ClCompile include="downwash.cxx">
      <Filter>src Files</Filter>
    </ClCompile>
    <ClCompile include="downwashconsolemanager.cpp">
      <Filter>src Files</Filter>
    </ClCompile>
    <ClCompile include="downwashmanager.cpp">
      <Filter>src Files</Filter>
    </ClCompile>
    <ClCompile include="downwashticker.cpp">
      <Filter>src Files</Filter>
    </ClCompile>
    <ClCompile include="landingtrigger.cpp">
      <Filter>src Files</Filter>
    </ClCompile>
    <ClCompile include="level.cpp">
      <Filter>src Files</Filter>
    </ClCompile>
    <ClCompile include="sunlight.cpp">
      <Filter>src Files</Filter>
    </ClCompile>
    <ClCompile include="automan.cpp">
      <Filter>src Files</Filter>
    </ClCompile>
    <ClCompile include="eater.cpp">
      <Filter>src Files</Filter>
    </ClCompile>
    <ClCompile include="airballoonpilot.cpp">
      <Filter>src Files</Filter>
    </ClCompile>
    <ClCompile include="autopathdriver.cpp">
      <Filter>src Files</Filter>
    </ClCompile>
    <ClCompile include="basemachine.cpp">
      <Filter>src Files</Filter>
    </ClCompile>
    <ClCompile include="canondriver.cpp">
      <Filter>src Files</Filter>
    </ClCompile>
    <ClCompile include="simulatordriver.cpp">
      <Filter>src Files</Filter>
    </ClCompile>
    <ClCompile include="downwash.mm">
      <Filter>src Files</Filter>
    </ClCompile>
  </ItemGroup>
  <ItemGroup>
    <Clinclude include="autopilot.h">
      <Filter>Header Files</Filter>
    </ClInclude>
    <Clinclude include="centeredmachine.h">
      <Filter>Header Files</Filter>
    </ClInclude>
    <Clinclude include="downwash.h">
      <Filter>Header Files</Filter>
    </ClInclude>
    <Clinclude include="downwashconsolemanager.h">
      <Filter>Header Files</Filter>
    </ClInclude>
    <Clinclude include="downwashmanager.h">
      <Filter>Header Files</Filter>
    </ClInclude>
    <Clinclude include="downwashticker.h">
      <Filter>Header Files</Filter>
    </ClInclude>
    <Clinclude include="landingtrigger.h">
      <Filter>Header Files</Filter>
    </ClInclude>
    <Clinclude include="level.h">
      <Filter>Header Files</Filter>
    </ClInclude>
    <Clinclude include="rtvar.h">
      <Filter>Header Files</Filter>
    </ClInclude>
    <Clinclude include="sunlight.h">
      <Filter>Header Files</Filter>
    </ClInclude>
    <Clinclude include="version.h">
      <Filter>Header Files</Filter>
    </ClInclude>
    <Clinclude include="automan.h">
      <Filter>Header Files</Filter>
    </ClInclude>
    <Clinclude include="eater.h">
      <Filter>Header Files</Filter>
    </ClInclude>
    <Clinclude include="airballoonpilot.h">
      <Filter>Header Files</Filter>
    </ClInclude>
    <Clinclude include="autopathdriver.h">
      <Filter>Header Files</Filter>
    </ClInclude>
    <Clinclude include="basemachine.h">
      <Filter>Header Files</Filter>
    </ClInclude>
    <Clinclude include="canondriver.h">
      <Filter>Header Files</Filter>
    </ClInclude>
    <Clinclude include="simulatordriver.h">
      <Filter>Header Files</Filter>
    </ClInclude>
  </ItemGroup>
  <ItemGroup>
    <ResourceCompile include="downwash.rc" />
  </ItemGroup>
</Project>