<?xml version="1.0" encoding="utf-8"?>
<Project ToolsVersion="4.0" xmlns="http://schemas.microsoft.com/developer/msbuild/2003">
  <ItemGroup>
    <Filter Include="Source Files">
      <UniqueIdentifier>{60493D28-2E04-11E3-A1BD-0019213B7B87}</UniqueIdentifier>
      <Extensions>cpp;c;cxx;def;odl;idl;hpj;bat;asm;asmx</Extensions>
    </Filter>
    <Filter Include="Header Files">
      <UniqueIdentifier>{60493D29-2E04-11E3-A6C3-0019213B7B87}</UniqueIdentifier>
      <Extensions>h;hpp;hxx;hm;inl;inc;xsd</Extensions>
    </Filter>
  </ItemGroup>
  <ItemGroup>
    <ClCompile Include="Autopilot.cpp">
      <Filter>Source Files</Filter>
    </ClCompile>
    <ClCompile Include="CenteredMachine.cpp">
      <Filter>Source Files</Filter>
    </ClCompile>
    <ClCompile Include="Downwash.cxx">
      <Filter>Source Files</Filter>
    </ClCompile>
    <ClCompile Include="DownwashConsoleManager.cpp">
      <Filter>Source Files</Filter>
    </ClCompile>
    <ClCompile Include="DownwashManager.cpp">
      <Filter>Source Files</Filter>
    </ClCompile>
    <ClCompile Include="DownwashTicker.cpp">
      <Filter>Source Files</Filter>
    </ClCompile>
    <ClCompile Include="LandingTrigger.cpp">
      <Filter>Source Files</Filter>
    </ClCompile>
    <ClCompile Include="Level.cpp">
      <Filter>Source Files</Filter>
    </ClCompile>
    <ClCompile Include="Sunlight.cpp">
      <Filter>Source Files</Filter>
    </ClCompile>
    <ClCompile Include="Automan.cpp">
      <Filter>Source Files</Filter>
    </ClCompile>
    <ClCompile Include="Eater.cpp">
      <Filter>Source Files</Filter>
    </ClCompile>
  </ItemGroup>
  <ItemGroup>
    <ClInclude Include="Autopilot.h">
      <Filter>Header Files</Filter>
    </ClInclude>
    <ClInclude Include="CenteredMachine.h">
      <Filter>Header Files</Filter>
    </ClInclude>
    <ClInclude Include="Downwash.h">
      <Filter>Header Files</Filter>
    </ClInclude>
    <ClInclude Include="DownwashConsoleManager.h">
      <Filter>Header Files</Filter>
    </ClInclude>
    <ClInclude Include="DownwashManager.h">
      <Filter>Header Files</Filter>
    </ClInclude>
    <ClInclude Include="DownwashTicker.h">
      <Filter>Header Files</Filter>
    </ClInclude>
    <ClInclude Include="LandingTrigger.h">
      <Filter>Header Files</Filter>
    </ClInclude>
    <ClInclude Include="Level.h">
      <Filter>Header Files</Filter>
    </ClInclude>
    <ClInclude Include="RtVar.h">
      <Filter>Header Files</Filter>
    </ClInclude>
    <ClInclude Include="Sunlight.h">
      <Filter>Header Files</Filter>
    </ClInclude>
    <ClInclude Include="Version.h">
      <Filter>Header Files</Filter>
    </ClInclude>
    <ClInclude Include="Automan.h">
      <Filter>Header Files</Filter>
    </ClInclude>
    <ClInclude Include="Eater.h">
      <Filter>Header Files</Filter>
    </ClInclude>
  </ItemGroup>
  <ItemGroup>
    <None Include="Downwash.mm" />
  </ItemGroup>
  <ItemGroup>
    <ResourceCompile Include="Downwash.rc" />
  </ItemGroup>
</Project>