<?xml version="1.0" encoding="utf-8"?>
<Project ToolsVersion="4.0" xmlns="http://schemas.microsoft.com/developer/msbuild/2003">
  <ItemGroup>
    <Filter Include="src Files">
      <UniqueIdentifier>{C734F7F1-C7A5-4376-A066-2A32FFD752A2}</UniqueIdentifier>
      <Extensions>cpp;c;cxx;def;odl;idl;hpj;bat;asm;asmx</Extensions>
    </Filter>
    <Filter Include="Header Files">
      <UniqueIdentifier>{93959380-89BD-4b04-88EB-625FBEBFB52E}</UniqueIdentifier>
      <Extensions>h;hpp;hxx;hm;inl;inc;xsd</Extensions>
    </Filter>
  </ItemGroup>
  <ItemGroup>
    <ClCompile Include="app.cxx">
      <Filter>src Files</Filter>
    </ClCompile>
    <ClCompile Include="slimeai.cxx">
      <Filter>src Files</Filter>
    </ClCompile>
    <ClCompile Include="app.mm">
      <Filter>src Files</Filter>
    </ClCompile>
  </ItemGroup>
  <ItemGroup>
    <None Include="icons\slime.ico">
      <Filter>src Files</Filter>
    </None>
    <None Include="slimeai.mm">
      <Filter>src Files</Filter>
    </None>
  </ItemGroup>
  <ItemGroup>
    <ResourceCompile Include="slimeball.rc">
      <Filter>src Files</Filter>
    </ResourceCompile>
  </ItemGroup>
  <ItemGroup>
    <ClInclude Include="crapai.hpp">
      <Filter>Header Files</Filter>
    </ClInclude>
    <ClInclude Include="dannoai.hpp">
      <Filter>Header Files</Filter>
    </ClInclude>
    <ClInclude Include="dannoai2.hpp">
      <Filter>Header Files</Filter>
    </ClInclude>
    <ClInclude Include="slime.hpp">
      <Filter>Header Files</Filter>
    </ClInclude>
    <ClInclude Include="slimeai.hpp">
      <Filter>Header Files</Filter>
    </ClInclude>
    <ClInclude Include="slimevolleyball.hpp">
      <Filter>Header Files</Filter>
    </ClInclude>
  </ItemGroup>
</Project>