<?xml version="1.0" encoding="utf-8"?>
<Project ToolsVersion="4.0" xmlns="http://schemas.microsoft.com/developer/msbuild/2003">
  <ItemGroup>
    <Filter include="src Files">
      <UniqueIdentifier>{C734F7F1-C7A5-4376-A066-2A32FFD752A2}</UniqueIdentifier>
      <Extensions>cpp;c;cxx;def;odl;idl;hpj;bat;asm;asmx</Extensions>
    </Filter>
    <Filter include="Header Files">
      <UniqueIdentifier>{93959380-89BD-4b04-88EB-625FBEBFB52E}</UniqueIdentifier>
      <Extensions>h;hpp;hxx;hm;inl;inc;xsd</Extensions>
    </Filter>
  </ItemGroup>
  <ItemGroup>
    <ClCompile include="app.cxx">
      <Filter>src Files</Filter>
    </ClCompile>
    <ClCompile include="slimeai.cxx">
      <Filter>src Files</Filter>
    </ClCompile>
    <ClCompile include="app.mm">
      <Filter>src Files</Filter>
    </ClCompile>
  </ItemGroup>
  <ItemGroup>
    <None include="icons\slime.ico">
      <Filter>src Files</Filter>
    </None>
    <None include="slimeai.mm">
      <Filter>src Files</Filter>
    </None>
  </ItemGroup>
  <ItemGroup>
    <ResourceCompile include="slimeball.rc">
      <Filter>src Files</Filter>
    </ResourceCompile>
  </ItemGroup>
  <ItemGroup>
    <Clinclude include="crapai.hpp">
      <Filter>Header Files</Filter>
    </ClInclude>
    <Clinclude include="dannoai.hpp">
      <Filter>Header Files</Filter>
    </ClInclude>
    <Clinclude include="dannoai2.hpp">
      <Filter>Header Files</Filter>
    </ClInclude>
    <Clinclude include="slime.hpp">
      <Filter>Header Files</Filter>
    </ClInclude>
    <Clinclude include="slimeai.hpp">
      <Filter>Header Files</Filter>
    </ClInclude>
    <Clinclude include="slimevolleyball.hpp">
      <Filter>Header Files</Filter>
    </ClInclude>
  </ItemGroup>
</Project>